// !$*UTF8*$!
{
	archiveVersion = 1;
	classes = {
	};
	objectVersion = 48;
	objects = {

/* Begin PBXBuildFile section */
		9B008BAB20EA26B20054997E /* CustomerProfileController.graphql in Resources */ = {isa = PBXBuildFile; fileRef = 9B008BAA20EA26B20054997E /* CustomerProfileController.graphql */; };
		9B089B3F20CA7A67003EC255 /* avatar.png in Resources */ = {isa = PBXBuildFile; fileRef = 9B089B3E20CA7A67003EC255 /* avatar.png */; };
		9B089B4120CA7EA6003EC255 /* facebook_messagetone.mp3 in Resources */ = {isa = PBXBuildFile; fileRef = 9B089B4020CA7EA5003EC255 /* facebook_messagetone.mp3 */; };
		9B1E939B20C8D8F700AC4FED /* Route.swift in Sources */ = {isa = PBXBuildFile; fileRef = 9B1E939A20C8D8F700AC4FED /* Route.swift */; };
		9B1E939D20C8E34B00AC4FED /* MyAppNavigation.swift in Sources */ = {isa = PBXBuildFile; fileRef = 9B1E939C20C8E34B00AC4FED /* MyAppNavigation.swift */; };
		9B1E939F20C8FD1D00AC4FED /* ChatController.graphql in Resources */ = {isa = PBXBuildFile; fileRef = 9B1E939E20C8FD1D00AC4FED /* ChatController.graphql */; };
		9B1E93A320C94D2800AC4FED /* Message.swift in Sources */ = {isa = PBXBuildFile; fileRef = 9B1E93A220C94D2800AC4FED /* Message.swift */; };
		9B27ADF92160A7A4000E0A7C /* EmailSignatureController.swift in Sources */ = {isa = PBXBuildFile; fileRef = 9B27ADF82160A7A4000E0A7C /* EmailSignatureController.swift */; };
		9B27ADFB2160B708000E0A7C /* NotificationSettingsController.swift in Sources */ = {isa = PBXBuildFile; fileRef = 9B27ADFA2160B708000E0A7C /* NotificationSettingsController.swift */; };
		9B475C8B2137B9CB0074346B /* SettingsController.swift in Sources */ = {isa = PBXBuildFile; fileRef = 9B475C8A2137B9CB0074346B /* SettingsController.swift */; };
		9B475C8D2137BDB20074346B /* SettingsCell.swift in Sources */ = {isa = PBXBuildFile; fileRef = 9B475C8C2137BDB20074346B /* SettingsCell.swift */; };
		9B475C8F2137CBA70074346B /* ProfileView.swift in Sources */ = {isa = PBXBuildFile; fileRef = 9B475C8E2137CBA70074346B /* ProfileView.swift */; };
		9B477B3F215E082000B01E3B /* PasswordSettingsController.swift in Sources */ = {isa = PBXBuildFile; fileRef = 9B477B3E215E082000B01E3B /* PasswordSettingsController.swift */; };
		9B4AB584216F409400BDD33D /* ActivityController.graphql in Resources */ = {isa = PBXBuildFile; fileRef = 9B4AB583216F409400BDD33D /* ActivityController.graphql */; };
		9B4AB587216F492900BDD33D /* ActivityCellCon.swift in Sources */ = {isa = PBXBuildFile; fileRef = 9B4AB586216F492900BDD33D /* ActivityCellCon.swift */; };
		9B4AB589216F649E00BDD33D /* ActivityCellReg.swift in Sources */ = {isa = PBXBuildFile; fileRef = 9B4AB588216F649E00BDD33D /* ActivityCellReg.swift */; };
		9B55DE1F215CD4FF0044F684 /* LineProgressView.swift in Sources */ = {isa = PBXBuildFile; fileRef = 9B55DE1E215CD4FF0044F684 /* LineProgressView.swift */; };
		9B567091212A7D420023B5AF /* KeychainPasswordItem.swift in Sources */ = {isa = PBXBuildFile; fileRef = 9B567090212A7D420023B5AF /* KeychainPasswordItem.swift */; };
		9B567094212A84FA0023B5AF /* erxes.ttf in Resources */ = {isa = PBXBuildFile; fileRef = 9B567093212A84FA0023B5AF /* erxes.ttf */; };
		9B567096212A856E0023B5AF /* ErxesFont.swift in Sources */ = {isa = PBXBuildFile; fileRef = 9B567095212A856E0023B5AF /* ErxesFont.swift */; };
		9B567098212A89480023B5AF /* ErxesFontKit.swift in Sources */ = {isa = PBXBuildFile; fileRef = 9B567097212A89480023B5AF /* ErxesFontKit.swift */; };
		9B576F4F20D39B7C00E70269 /* CircleLayer.swift in Sources */ = {isa = PBXBuildFile; fileRef = 9B576F4E20D39B7C00E70269 /* CircleLayer.swift */; };
		9B576F5120D3A62000E70269 /* ErxesLoader.swift in Sources */ = {isa = PBXBuildFile; fileRef = 9B576F5020D3A62000E70269 /* ErxesLoader.swift */; };
		9B5CE65420D8DC6E003EDBF9 /* MyData.swift in Sources */ = {isa = PBXBuildFile; fileRef = 9B5CE65320D8DC6E003EDBF9 /* MyData.swift */; };
		9B5CE65620D90846003EDBF9 /* UsersController.swift in Sources */ = {isa = PBXBuildFile; fileRef = 9B5CE65520D90846003EDBF9 /* UsersController.swift */; };
		9B5CE65820D9088E003EDBF9 /* UserCell.swift in Sources */ = {isa = PBXBuildFile; fileRef = 9B5CE65720D9088E003EDBF9 /* UserCell.swift */; };
		9B5CE65A20D90993003EDBF9 /* UsersController.graphql in Resources */ = {isa = PBXBuildFile; fileRef = 9B5CE65920D90993003EDBF9 /* UsersController.graphql */; };
		9B5E455A21391BE300DDD687 /* MyButton.swift in Sources */ = {isa = PBXBuildFile; fileRef = 9B5E455921391BE300DDD687 /* MyButton.swift */; };
		9B5E455C21393DCF00DDD687 /* SettingsController.graphql in Resources */ = {isa = PBXBuildFile; fileRef = 9B5E455B21393DCF00DDD687 /* SettingsController.graphql */; };
		9B5E456021396AEC00DDD687 /* ErxesTextView.swift in Sources */ = {isa = PBXBuildFile; fileRef = 9B5E455F21396AEC00DDD687 /* ErxesTextView.swift */; };
		9B6202E920EC60820094A87D /* CustomRow.swift in Sources */ = {isa = PBXBuildFile; fileRef = 9B6202E820EC60820094A87D /* CustomRow.swift */; };
		9B6202F220EC817A0094A87D /* SuggestionTableViewCell.swift in Sources */ = {isa = PBXBuildFile; fileRef = 9B6202EB20EC81790094A87D /* SuggestionTableViewCell.swift */; };
		9B6202F320EC817A0094A87D /* SuggestionCollectionCell.swift in Sources */ = {isa = PBXBuildFile; fileRef = 9B6202EC20EC81790094A87D /* SuggestionCollectionCell.swift */; };
		9B6202F420EC817A0094A87D /* SuggestionTableCell.swift in Sources */ = {isa = PBXBuildFile; fileRef = 9B6202ED20EC81790094A87D /* SuggestionTableCell.swift */; };
		9B6202F520EC817A0094A87D /* SuggestionCollectionViewCell.swift in Sources */ = {isa = PBXBuildFile; fileRef = 9B6202EE20EC81790094A87D /* SuggestionCollectionViewCell.swift */; };
		9B6202F620EC817A0094A87D /* SuggestionCell.swift in Sources */ = {isa = PBXBuildFile; fileRef = 9B6202EF20EC81790094A87D /* SuggestionCell.swift */; };
		9B6202F720EC817A0094A87D /* String+SuggestionValue.swift in Sources */ = {isa = PBXBuildFile; fileRef = 9B6202F020EC817A0094A87D /* String+SuggestionValue.swift */; };
		9B6202F820EC817A0094A87D /* SuggestionRow.swift in Sources */ = {isa = PBXBuildFile; fileRef = 9B6202F120EC817A0094A87D /* SuggestionRow.swift */; };
		9B80E79720E75A10008BA4BF /* CustomerProfileController.swift in Sources */ = {isa = PBXBuildFile; fileRef = 9B80E79620E75A10008BA4BF /* CustomerProfileController.swift */; };
		9B80E79920E76CB5008BA4BF /* CustomerProfileCell.swift in Sources */ = {isa = PBXBuildFile; fileRef = 9B80E79820E76CB5008BA4BF /* CustomerProfileCell.swift */; };
		9B82254420B7DE0300B7C16D /* SwiftHEXColors.swift in Sources */ = {isa = PBXBuildFile; fileRef = 9B82254320B7DE0300B7C16D /* SwiftHEXColors.swift */; };
		9B82254820B7EBAE00B7C16D /* DateFilterController.swift in Sources */ = {isa = PBXBuildFile; fileRef = 9B82254720B7EBAE00B7C16D /* DateFilterController.swift */; };
		9B94F41220DB309200313543 /* KCKeyboardImagePickerController.swift in Sources */ = {isa = PBXBuildFile; fileRef = 9B94F41120DB309200313543 /* KCKeyboardImagePickerController.swift */; };
		9B94F41820DB59FF00313543 /* KCKeyboardImagePickerPreviewViewController.swift in Sources */ = {isa = PBXBuildFile; fileRef = 9B94F41720DB59FF00313543 /* KCKeyboardImagePickerPreviewViewController.swift */; };
		9B94F41A20DB5A7400313543 /* KCKeyboardImagePickerView.swift in Sources */ = {isa = PBXBuildFile; fileRef = 9B94F41920DB5A7400313543 /* KCKeyboardImagePickerView.swift */; };
		9B94F41C20DBB48400313543 /* API.swift in Sources */ = {isa = PBXBuildFile; fileRef = 9B94F41B20DBB48400313543 /* API.swift */; };
		9B9E34412158B8DF006F9E2D /* ErxesTagLabel.swift in Sources */ = {isa = PBXBuildFile; fileRef = 9B9E34402158B8DF006F9E2D /* ErxesTagLabel.swift */; };
		9B9E34432158BC22006F9E2D /* ErxesTagView.swift in Sources */ = {isa = PBXBuildFile; fileRef = 9B9E34422158BC22006F9E2D /* ErxesTagView.swift */; };
		9B9E34472158DF2B006F9E2D /* TagListView.swift in Sources */ = {isa = PBXBuildFile; fileRef = 9B9E34442158DF2A006F9E2D /* TagListView.swift */; };
		9B9E34482158DF2B006F9E2D /* CloseButton.swift in Sources */ = {isa = PBXBuildFile; fileRef = 9B9E34452158DF2B006F9E2D /* CloseButton.swift */; };
		9B9E34492158DF2B006F9E2D /* TagView.swift in Sources */ = {isa = PBXBuildFile; fileRef = 9B9E34462158DF2B006F9E2D /* TagView.swift */; };
		9B9F5543212E83DA0081EC89 /* Appnet.swift in Sources */ = {isa = PBXBuildFile; fileRef = 9B9F5542212E83D90081EC89 /* Appnet.swift */; };
		9B9F5547212E9A450081EC89 /* CustomCells.swift in Sources */ = {isa = PBXBuildFile; fileRef = 9B9F5546212E9A450081EC89 /* CustomCells.swift */; };
		9B9F554A212E9C200081EC89 /* FloatLabelTextField.swift in Sources */ = {isa = PBXBuildFile; fileRef = 9B9F5549212E9C200081EC89 /* FloatLabelTextField.swift */; };
		9B9F554D212EB4E60081EC89 /* Profile.json in Resources */ = {isa = PBXBuildFile; fileRef = 9B9F554C212EB4E60081EC89 /* Profile.json */; };
		9BA3F75C217443A700B44A13 /* Company.json in Resources */ = {isa = PBXBuildFile; fileRef = 9BA3F75B217443A700B44A13 /* Company.json */; };
		9BB71606213A77BF00E2ACD0 /* NotificationSettingsCell.swift in Sources */ = {isa = PBXBuildFile; fileRef = 9BB71605213A77BF00E2ACD0 /* NotificationSettingsCell.swift */; };
		9BB71608213A9C6900E2ACD0 /* UserProfileController.swift in Sources */ = {isa = PBXBuildFile; fileRef = 9BB71607213A9C6900E2ACD0 /* UserProfileController.swift */; };
		9BB7160A213A9C7800E2ACD0 /* UserProfileController.graphql in Resources */ = {isa = PBXBuildFile; fileRef = 9BB71609213A9C7800E2ACD0 /* UserProfileController.graphql */; };
		9BBADE2F216DF20900B6F2D8 /* ContactDetailController.swift in Sources */ = {isa = PBXBuildFile; fileRef = 9BBADE2E216DF20900B6F2D8 /* ContactDetailController.swift */; };
		9BBADE31216E07F700B6F2D8 /* ActivityController.swift in Sources */ = {isa = PBXBuildFile; fileRef = 9BBADE30216E07F700B6F2D8 /* ActivityController.swift */; };
		9BBADE33216E080200B6F2D8 /* NoteController.swift in Sources */ = {isa = PBXBuildFile; fileRef = 9BBADE32216E080200B6F2D8 /* NoteController.swift */; };
		9BBADE35216E080F00B6F2D8 /* ConversationsController.swift in Sources */ = {isa = PBXBuildFile; fileRef = 9BBADE34216E080F00B6F2D8 /* ConversationsController.swift */; };
		9BC09125214F75EF0099BDE7 /* Comfortaa-Regular.ttf in Resources */ = {isa = PBXBuildFile; fileRef = 9BC09123214F75EF0099BDE7 /* Comfortaa-Regular.ttf */; };
		9BC09126214F75EF0099BDE7 /* Comfortaa-Bold.ttf in Resources */ = {isa = PBXBuildFile; fileRef = 9BC09124214F75EF0099BDE7 /* Comfortaa-Bold.ttf */; };
		9BC0912A214F7EDD0099BDE7 /* Assets.xcassets in Resources */ = {isa = PBXBuildFile; fileRef = 9BC09129214F7EDC0099BDE7 /* Assets.xcassets */; };
		9BC2D9BD20CE3F5C003ADEE7 /* FilterController.swift in Sources */ = {isa = PBXBuildFile; fileRef = 9BC2D9BC20CE3F5C003ADEE7 /* FilterController.swift */; };
		9BC2D9C320CE5FDF003ADEE7 /* GDCheckbox.swift in Sources */ = {isa = PBXBuildFile; fileRef = 9BC2D9C220CE5FDE003ADEE7 /* GDCheckbox.swift */; };
		9BC2D9C520CE6CFF003ADEE7 /* ChannelFilterController.graphql in Resources */ = {isa = PBXBuildFile; fileRef = 9BC2D9C420CE6CFF003ADEE7 /* ChannelFilterController.graphql */; };
		9BC2D9C720CE6D1C003ADEE7 /* BrandFilterController.graphql in Resources */ = {isa = PBXBuildFile; fileRef = 9BC2D9C620CE6D1C003ADEE7 /* BrandFilterController.graphql */; };
		9BC2D9C920CE6D34003ADEE7 /* TagFilterController.graphql in Resources */ = {isa = PBXBuildFile; fileRef = 9BC2D9C820CE6D34003ADEE7 /* TagFilterController.graphql */; };
		9BDF12B621709F2100B6EBED /* NoteController.graphql in Resources */ = {isa = PBXBuildFile; fileRef = 9BDF12B521709F2100B6EBED /* NoteController.graphql */; };
		9BDF12B82170A6BC00B6EBED /* LeftImageButton.swift in Sources */ = {isa = PBXBuildFile; fileRef = 9BDF12B72170A6BC00B6EBED /* LeftImageButton.swift */; };
		9BDF12BA2170C4C200B6EBED /* MessageUI.framework in Frameworks */ = {isa = PBXBuildFile; fileRef = 9BDF12B92170C4C200B6EBED /* MessageUI.framework */; };
		9BDF360020D1150F004E3F44 /* ContactController.swift in Sources */ = {isa = PBXBuildFile; fileRef = 9BDF35FF20D1150F004E3F44 /* ContactController.swift */; };
		9BDF360220D12EEA004E3F44 /* ContactController.graphql in Resources */ = {isa = PBXBuildFile; fileRef = 9BDF360120D12EE9004E3F44 /* ContactController.graphql */; };
		9BDF360420D130C3004E3F44 /* ContactCell.swift in Sources */ = {isa = PBXBuildFile; fileRef = 9BDF360320D130C3004E3F44 /* ContactCell.swift */; };
		9BF0C32D216358390030247F /* ContactFilterController.swift in Sources */ = {isa = PBXBuildFile; fileRef = 9BF0C32C216358390030247F /* ContactFilterController.swift */; };
		9BF0C32F216358580030247F /* ContactFilterController.graphql in Resources */ = {isa = PBXBuildFile; fileRef = 9BF0C32E216358570030247F /* ContactFilterController.graphql */; };
		A1E8A29429196FEA7CCAA093 /* Pods_erxes_ios.framework in Frameworks */ = {isa = PBXBuildFile; fileRef = FA776603C60496B407816DA5 /* Pods_erxes_ios.framework */; };
		B80002F421A7A02000D73770 /* Chat+Network.swift in Sources */ = {isa = PBXBuildFile; fileRef = B80002F321A7A02000D73770 /* Chat+Network.swift */; };
		B80758E021A5175200016D2E /* ResponseTemplate.graphql in Resources */ = {isa = PBXBuildFile; fileRef = B80758DF21A5175200016D2E /* ResponseTemplate.graphql */; };
		B80758E421A51CC300016D2E /* TemplateController.swift in Sources */ = {isa = PBXBuildFile; fileRef = B80758E321A51CC300016D2E /* TemplateController.swift */; };
		B80D28B0218AA81F003D52CE /* InboxControllerUI.swift in Sources */ = {isa = PBXBuildFile; fileRef = B80D28AF218AA81F003D52CE /* InboxControllerUI.swift */; };
		B80D28B2218B0ABF003D52CE /* ChatMenu.swift in Sources */ = {isa = PBXBuildFile; fileRef = B80D28B1218B0ABF003D52CE /* ChatMenu.swift */; };
		B80D28B5218B53F8003D52CE /* ChatMenu+Network.swift in Sources */ = {isa = PBXBuildFile; fileRef = B80D28B4218B53F8003D52CE /* ChatMenu+Network.swift */; };
		B8127C91214284ED00A9F9EC /* ChatController+Keyboard.swift in Sources */ = {isa = PBXBuildFile; fileRef = B8127C90214284ED00A9F9EC /* ChatController+Keyboard.swift */; };
		B83794D02143DC1500C5991D /* ColChatDataSource.swift in Sources */ = {isa = PBXBuildFile; fileRef = B83794CF2143DC1500C5991D /* ColChatDataSource.swift */; };
		B83794D22147A87E00C5991D /* InComingCell.swift in Sources */ = {isa = PBXBuildFile; fileRef = B83794D12147A87D00C5991D /* InComingCell.swift */; };
		B83794D421490C5500C5991D /* FormCell.swift in Sources */ = {isa = PBXBuildFile; fileRef = B83794D321490C5500C5991D /* FormCell.swift */; };
		B83E217F21130CA8005AD39E /* WebKit.framework in Frameworks */ = {isa = PBXBuildFile; fileRef = B83E217E21130CA8005AD39E /* WebKit.framework */; };
		B842CC482123E3420052E5C9 /* Industry.json in Resources */ = {isa = PBXBuildFile; fileRef = B842CC472123E3420052E5C9 /* Industry.json */; };
		B842CC4A2123E3870052E5C9 /* LeadStatus.json in Resources */ = {isa = PBXBuildFile; fileRef = B842CC492123E3870052E5C9 /* LeadStatus.json */; };
		B842CC4C2123E3CC0052E5C9 /* LifecycleState.json in Resources */ = {isa = PBXBuildFile; fileRef = B842CC4B2123E3CC0052E5C9 /* LifecycleState.json */; };
		B842CC4E2123E3E80052E5C9 /* BusinessType.json in Resources */ = {isa = PBXBuildFile; fileRef = B842CC4D2123E3E80052E5C9 /* BusinessType.json */; };
		B842CC5021252ABB0052E5C9 /* CompanyController.graphql in Resources */ = {isa = PBXBuildFile; fileRef = B842CC4F21252ABB0052E5C9 /* CompanyController.graphql */; };
		B84C9AFD2175C40B00346324 /* Filter+TableView.swift in Sources */ = {isa = PBXBuildFile; fileRef = B84C9AFC2175C40B00346324 /* Filter+TableView.swift */; };
		B84C9B002175CA8700346324 /* UIViewController.swift in Sources */ = {isa = PBXBuildFile; fileRef = B84C9AFF2175CA8700346324 /* UIViewController.swift */; };
		B84C9B022175CB2300346324 /* String.swift in Sources */ = {isa = PBXBuildFile; fileRef = B84C9B012175CB2300346324 /* String.swift */; };
		B84C9B042175CB3300346324 /* Date.swift in Sources */ = {isa = PBXBuildFile; fileRef = B84C9B032175CB3300346324 /* Date.swift */; };
		B84C9B062175CB3E00346324 /* UIView.swift in Sources */ = {isa = PBXBuildFile; fileRef = B84C9B052175CB3E00346324 /* UIView.swift */; };
		B84C9B082175CBA000346324 /* CustomScalar.swift in Sources */ = {isa = PBXBuildFile; fileRef = B84C9B072175CBA000346324 /* CustomScalar.swift */; };
		B84C9B0A2175CBB600346324 /* UIImageView.swift in Sources */ = {isa = PBXBuildFile; fileRef = B84C9B092175CBB600346324 /* UIImageView.swift */; };
		B84C9B0C2175CC0A00346324 /* UIColor.swift in Sources */ = {isa = PBXBuildFile; fileRef = B84C9B0B2175CC0A00346324 /* UIColor.swift */; };
		B84C9B0E2175CC5000346324 /* UIFont.swift in Sources */ = {isa = PBXBuildFile; fileRef = B84C9B0D2175CC5000346324 /* UIFont.swift */; };
		B84C9B102175CC7F00346324 /* UIImage.swift in Sources */ = {isa = PBXBuildFile; fileRef = B84C9B0F2175CC7F00346324 /* UIImage.swift */; };
		B84C9B122175CCA400346324 /* UIAplication.swift in Sources */ = {isa = PBXBuildFile; fileRef = B84C9B112175CCA400346324 /* UIAplication.swift */; };
		B84C9B142175CCD200346324 /* Array.swift in Sources */ = {isa = PBXBuildFile; fileRef = B84C9B132175CCD200346324 /* Array.swift */; };
		B84C9B162175CCDE00346324 /* Optional.swift in Sources */ = {isa = PBXBuildFile; fileRef = B84C9B152175CCDE00346324 /* Optional.swift */; };
		B84C9B182175D51600346324 /* Data.swift in Sources */ = {isa = PBXBuildFile; fileRef = B84C9B172175D51600346324 /* Data.swift */; };
		B84C9B1A2175D5AD00346324 /* Numeric.swift in Sources */ = {isa = PBXBuildFile; fileRef = B84C9B192175D5AD00346324 /* Numeric.swift */; };
		B84C9B1C2175D79D00346324 /* Inbox+LiveGQL.swift in Sources */ = {isa = PBXBuildFile; fileRef = B84C9B1B2175D79D00346324 /* Inbox+LiveGQL.swift */; };
		B8600B8321917C2100384821 /* Locations.json in Resources */ = {isa = PBXBuildFile; fileRef = B8600B8221917C2100384821 /* Locations.json */; };
		B8600B852192C87100384821 /* Utils.swift in Sources */ = {isa = PBXBuildFile; fileRef = B8600B842192C87100384821 /* Utils.swift */; };
		B86FE583213EDC3B00124BD3 /* BaseCell.swift in Sources */ = {isa = PBXBuildFile; fileRef = B86FE582213EDC3B00124BD3 /* BaseCell.swift */; };
		B86FE585213EDC8100124BD3 /* SentCell.swift in Sources */ = {isa = PBXBuildFile; fileRef = B86FE584213EDC8100124BD3 /* SentCell.swift */; };
		B86FE587213F837700124BD3 /* ImageCell.swift in Sources */ = {isa = PBXBuildFile; fileRef = B86FE586213F837700124BD3 /* ImageCell.swift */; };
		B87867CD2188562600A78222 /* LoginControllerUI.swift in Sources */ = {isa = PBXBuildFile; fileRef = B87867CC2188562600A78222 /* LoginControllerUI.swift */; };
		B87CE5C921A5336500B385B8 /* Template+Network.swift in Sources */ = {isa = PBXBuildFile; fileRef = B87CE5C821A5336500B385B8 /* Template+Network.swift */; };
		B87CE5CB21A541F400B385B8 /* Template+TableView.swift in Sources */ = {isa = PBXBuildFile; fileRef = B87CE5CA21A541F400B385B8 /* Template+TableView.swift */; };
		B87CE5CD21A56D0800B385B8 /* TemplateCell.swift in Sources */ = {isa = PBXBuildFile; fileRef = B87CE5CC21A56D0700B385B8 /* TemplateCell.swift */; };
		B88C31E6216B38A000B7448E /* ChatControllerProtocol.swift in Sources */ = {isa = PBXBuildFile; fileRef = B88C31E5216B38A000B7448E /* ChatControllerProtocol.swift */; };
		B88C31E8216B443600B7448E /* ChatControllerUI.swift in Sources */ = {isa = PBXBuildFile; fileRef = B88C31E7216B443600B7448E /* ChatControllerUI.swift */; };
		B88C31EA216B46E800B7448E /* ViewController.swift in Sources */ = {isa = PBXBuildFile; fileRef = B88C31E9216B46E800B7448E /* ViewController.swift */; };
		B88C31EC216B54D200B7448E /* ChatController+CollectionView.swift in Sources */ = {isa = PBXBuildFile; fileRef = B88C31EB216B54D200B7448E /* ChatController+CollectionView.swift */; };
		B88C31EE216B5ECB00B7448E /* ChatInputProtocol.swift in Sources */ = {isa = PBXBuildFile; fileRef = B88C31ED216B5ECB00B7448E /* ChatInputProtocol.swift */; };
		B88C31F0216B633900B7448E /* Box.swift in Sources */ = {isa = PBXBuildFile; fileRef = B88C31EF216B633900B7448E /* Box.swift */; };
		B88C31F3216C9AA700B7448E /* LiveGQL.swift in Sources */ = {isa = PBXBuildFile; fileRef = B88C31F2216C9AA700B7448E /* LiveGQL.swift */; };
		B88C31F5216C9B2300B7448E /* ChatManagerDelegate.swift in Sources */ = {isa = PBXBuildFile; fileRef = B88C31F4216C9B2300B7448E /* ChatManagerDelegate.swift */; };
		B88C31F7216C9C7F00B7448E /* FileHandler.swift in Sources */ = {isa = PBXBuildFile; fileRef = B88C31F6216C9C7F00B7448E /* FileHandler.swift */; };
		B895E23B2166007C0074669A /* FilterCell.swift in Sources */ = {isa = PBXBuildFile; fileRef = B895E23A2166007C0074669A /* FilterCell.swift */; };
		B8BE67C4215B4FFD00E8A0A6 /* InputCell.swift in Sources */ = {isa = PBXBuildFile; fileRef = B8BE67C3215B4FFD00E8A0A6 /* InputCell.swift */; };
		B8BE67C6215C995700E8A0A6 /* Filter+Network.swift in Sources */ = {isa = PBXBuildFile; fileRef = B8BE67C5215C995700E8A0A6 /* Filter+Network.swift */; };
		B8C3FDE92161CCEE000EE9AF /* MentionController.swift in Sources */ = {isa = PBXBuildFile; fileRef = B8C3FDE82161CCEE000EE9AF /* MentionController.swift */; };
		B8C3FDEB2161DF06000EE9AF /* Filter+Keyboard.swift in Sources */ = {isa = PBXBuildFile; fileRef = B8C3FDEA2161DF06000EE9AF /* Filter+Keyboard.swift */; };
		B8D0F8EC217C760D00990C06 /* CompanyListController.swift in Sources */ = {isa = PBXBuildFile; fileRef = B8D0F8EB217C760D00990C06 /* CompanyListController.swift */; };
		B8E8CB122150BE5100AE492D /* Inbox+TableView.swift in Sources */ = {isa = PBXBuildFile; fileRef = B8E8CB112150BE5100AE492D /* Inbox+TableView.swift */; };
		B8E8CB142150BE7300AE492D /* Inbox+Additions.swift in Sources */ = {isa = PBXBuildFile; fileRef = B8E8CB132150BE7300AE492D /* Inbox+Additions.swift */; };
		B8F3539C219BF6EC001755E2 /* Customer.swift in Sources */ = {isa = PBXBuildFile; fileRef = B8F3539B219BF6EC001755E2 /* Customer.swift */; };
		B8F3539E219D5923001755E2 /* Contact+Network.swift in Sources */ = {isa = PBXBuildFile; fileRef = B8F3539D219D5923001755E2 /* Contact+Network.swift */; };
		B8F353A0219D5C3A001755E2 /* UISegmentedControl.swift in Sources */ = {isa = PBXBuildFile; fileRef = B8F3539F219D5C3A001755E2 /* UISegmentedControl.swift */; };
		B8F353A2219D7892001755E2 /* Inbox+Network.swift in Sources */ = {isa = PBXBuildFile; fileRef = B8F353A1219D7892001755E2 /* Inbox+Network.swift */; };
		B8FDDE9B213E48FF00286DE0 /* ChatController.swift in Sources */ = {isa = PBXBuildFile; fileRef = B8FDDE9A213E48FF00286DE0 /* ChatController.swift */; };
		F5431E202148F09800DB1304 /* CompanyController.swift in Sources */ = {isa = PBXBuildFile; fileRef = F5431E1F2148F09800DB1304 /* CompanyController.swift */; };
		F55583A72077166E00413F6A /* AppDelegate.swift in Sources */ = {isa = PBXBuildFile; fileRef = F55583A62077166E00413F6A /* AppDelegate.swift */; };
		F55583B12077166E00413F6A /* LaunchScreen.storyboard in Resources */ = {isa = PBXBuildFile; fileRef = F55583AF2077166E00413F6A /* LaunchScreen.storyboard */; };
		F55583BB207716BB00413F6A /* Constants.swift in Sources */ = {isa = PBXBuildFile; fileRef = F55583BA207716BB00413F6A /* Constants.swift */; };
		F55583BD207716F800413F6A /* TabController.swift in Sources */ = {isa = PBXBuildFile; fileRef = F55583BC207716F800413F6A /* TabController.swift */; };
		F55583BF2077173C00413F6A /* NavigationController.swift in Sources */ = {isa = PBXBuildFile; fileRef = F55583BE2077173C00413F6A /* NavigationController.swift */; };
		F58F2038207B313200D8564D /* LoginController.graphql in Resources */ = {isa = PBXBuildFile; fileRef = F58F2037207B313200D8564D /* LoginController.graphql */; };
		F58F203B207B372900D8564D /* ErxesUser.swift in Sources */ = {isa = PBXBuildFile; fileRef = F58F203A207B372800D8564D /* ErxesUser.swift */; };
		F58F203D207B37F900D8564D /* LocalAuthentication.framework in Frameworks */ = {isa = PBXBuildFile; fileRef = F58F203C207B37F900D8564D /* LocalAuthentication.framework */; };
		F58F2040207B381400D8564D /* FailureAlert.swift in Sources */ = {isa = PBXBuildFile; fileRef = F58F203E207B381400D8564D /* FailureAlert.swift */; };
		F58F2041207B381400D8564D /* Modal.swift in Sources */ = {isa = PBXBuildFile; fileRef = F58F203F207B381400D8564D /* Modal.swift */; };
		F58F2054207B4F2C00D8564D /* InboxController.graphql in Resources */ = {isa = PBXBuildFile; fileRef = F58F204B207B4F2900D8564D /* InboxController.graphql */; };
		F58F205C207B4F2C00D8564D /* InboxController.swift in Sources */ = {isa = PBXBuildFile; fileRef = F58F2053207B4F2B00D8564D /* InboxController.swift */; };
		F58F205E207B4F4B00D8564D /* ErxesInboxCell.swift in Sources */ = {isa = PBXBuildFile; fileRef = F58F205D207B4F4B00D8564D /* ErxesInboxCell.swift */; };
		F58F2062207B4FE900D8564D /* ErxesButton.swift in Sources */ = {isa = PBXBuildFile; fileRef = F58F205F207B4FE800D8564D /* ErxesButton.swift */; };
		F58F2063207B4FE900D8564D /* ErxesLabel.swift in Sources */ = {isa = PBXBuildFile; fileRef = F58F2060207B4FE800D8564D /* ErxesLabel.swift */; };
		F58F2064207B4FE900D8564D /* ErxesField.swift in Sources */ = {isa = PBXBuildFile; fileRef = F58F2061207B4FE900D8564D /* ErxesField.swift */; };
		F5BEE31620772C0D0042DFC2 /* LoginController.swift in Sources */ = {isa = PBXBuildFile; fileRef = F5BEE31520772C0D0042DFC2 /* LoginController.swift */; };
		F5BEE32520774ADE0042DFC2 /* Podfile in Resources */ = {isa = PBXBuildFile; fileRef = F5BEE32420774ADE0042DFC2 /* Podfile */; };
		F5BEE327207760E10042DFC2 /* MyFormViewController.swift in Sources */ = {isa = PBXBuildFile; fileRef = F5BEE326207760E10042DFC2 /* MyFormViewController.swift */; };
		F5BEE329207761730042DFC2 /* MyTextField.swift in Sources */ = {isa = PBXBuildFile; fileRef = F5BEE328207761730042DFC2 /* MyTextField.swift */; };
/* End PBXBuildFile section */

/* Begin PBXFileReference section */
		1363BE36104A330BAA20F107 /* Pods-NMG.CRM.release.xcconfig */ = {isa = PBXFileReference; includeInIndex = 1; lastKnownFileType = text.xcconfig; name = "Pods-NMG.CRM.release.xcconfig"; path = "Pods/Target Support Files/Pods-NMG.CRM/Pods-NMG.CRM.release.xcconfig"; sourceTree = "<group>"; };
		1B1762419AA7B0A3A0F02580 /* Pods-erxes-ios.debug.xcconfig */ = {isa = PBXFileReference; includeInIndex = 1; lastKnownFileType = text.xcconfig; name = "Pods-erxes-ios.debug.xcconfig"; path = "Pods/Target Support Files/Pods-erxes-ios/Pods-erxes-ios.debug.xcconfig"; sourceTree = "<group>"; };
		4B517246B47FE17016C552D6 /* Pods-erxes-ios.release.xcconfig */ = {isa = PBXFileReference; includeInIndex = 1; lastKnownFileType = text.xcconfig; name = "Pods-erxes-ios.release.xcconfig"; path = "Pods/Target Support Files/Pods-erxes-ios/Pods-erxes-ios.release.xcconfig"; sourceTree = "<group>"; };
		8FB018212DBB53FDAA50FCA6 /* Pods-NMG.CRM.debug.xcconfig */ = {isa = PBXFileReference; includeInIndex = 1; lastKnownFileType = text.xcconfig; name = "Pods-NMG.CRM.debug.xcconfig"; path = "Pods/Target Support Files/Pods-NMG.CRM/Pods-NMG.CRM.debug.xcconfig"; sourceTree = "<group>"; };
		9634C14764D6BB1A1913F342 /* Pods_NMG_CRM.framework */ = {isa = PBXFileReference; explicitFileType = wrapper.framework; includeInIndex = 0; path = Pods_NMG_CRM.framework; sourceTree = BUILT_PRODUCTS_DIR; };
		9B008BAA20EA26B20054997E /* CustomerProfileController.graphql */ = {isa = PBXFileReference; lastKnownFileType = text; path = CustomerProfileController.graphql; sourceTree = "<group>"; };
		9B089B3E20CA7A67003EC255 /* avatar.png */ = {isa = PBXFileReference; lastKnownFileType = image.png; path = avatar.png; sourceTree = "<group>"; };
		9B089B4020CA7EA5003EC255 /* facebook_messagetone.mp3 */ = {isa = PBXFileReference; lastKnownFileType = audio.mp3; path = facebook_messagetone.mp3; sourceTree = "<group>"; };
		9B1E939A20C8D8F700AC4FED /* Route.swift */ = {isa = PBXFileReference; lastKnownFileType = sourcecode.swift; path = Route.swift; sourceTree = "<group>"; };
		9B1E939C20C8E34B00AC4FED /* MyAppNavigation.swift */ = {isa = PBXFileReference; lastKnownFileType = sourcecode.swift; path = MyAppNavigation.swift; sourceTree = "<group>"; };
		9B1E939E20C8FD1D00AC4FED /* ChatController.graphql */ = {isa = PBXFileReference; lastKnownFileType = text; path = ChatController.graphql; sourceTree = "<group>"; };
		9B1E93A220C94D2800AC4FED /* Message.swift */ = {isa = PBXFileReference; fileEncoding = 4; lastKnownFileType = sourcecode.swift; path = Message.swift; sourceTree = "<group>"; };
		9B27ADF82160A7A4000E0A7C /* EmailSignatureController.swift */ = {isa = PBXFileReference; lastKnownFileType = sourcecode.swift; path = EmailSignatureController.swift; sourceTree = "<group>"; };
		9B27ADFA2160B708000E0A7C /* NotificationSettingsController.swift */ = {isa = PBXFileReference; lastKnownFileType = sourcecode.swift; path = NotificationSettingsController.swift; sourceTree = "<group>"; };
		9B475C8A2137B9CB0074346B /* SettingsController.swift */ = {isa = PBXFileReference; lastKnownFileType = sourcecode.swift; path = SettingsController.swift; sourceTree = "<group>"; };
		9B475C8C2137BDB20074346B /* SettingsCell.swift */ = {isa = PBXFileReference; lastKnownFileType = sourcecode.swift; path = SettingsCell.swift; sourceTree = "<group>"; };
		9B475C8E2137CBA70074346B /* ProfileView.swift */ = {isa = PBXFileReference; lastKnownFileType = sourcecode.swift; path = ProfileView.swift; sourceTree = "<group>"; };
		9B477B3E215E082000B01E3B /* PasswordSettingsController.swift */ = {isa = PBXFileReference; lastKnownFileType = sourcecode.swift; path = PasswordSettingsController.swift; sourceTree = "<group>"; };
		9B4AB583216F409400BDD33D /* ActivityController.graphql */ = {isa = PBXFileReference; lastKnownFileType = text; path = ActivityController.graphql; sourceTree = "<group>"; };
		9B4AB586216F492900BDD33D /* ActivityCellCon.swift */ = {isa = PBXFileReference; lastKnownFileType = sourcecode.swift; path = ActivityCellCon.swift; sourceTree = "<group>"; };
		9B4AB588216F649E00BDD33D /* ActivityCellReg.swift */ = {isa = PBXFileReference; lastKnownFileType = sourcecode.swift; path = ActivityCellReg.swift; sourceTree = "<group>"; };
		9B55DE1E215CD4FF0044F684 /* LineProgressView.swift */ = {isa = PBXFileReference; lastKnownFileType = sourcecode.swift; path = LineProgressView.swift; sourceTree = "<group>"; };
		9B567090212A7D420023B5AF /* KeychainPasswordItem.swift */ = {isa = PBXFileReference; fileEncoding = 4; lastKnownFileType = sourcecode.swift; path = KeychainPasswordItem.swift; sourceTree = "<group>"; };
		9B567093212A84FA0023B5AF /* erxes.ttf */ = {isa = PBXFileReference; lastKnownFileType = file; path = erxes.ttf; sourceTree = "<group>"; };
		9B567095212A856E0023B5AF /* ErxesFont.swift */ = {isa = PBXFileReference; lastKnownFileType = sourcecode.swift; path = ErxesFont.swift; sourceTree = "<group>"; };
		9B567097212A89480023B5AF /* ErxesFontKit.swift */ = {isa = PBXFileReference; lastKnownFileType = sourcecode.swift; path = ErxesFontKit.swift; sourceTree = "<group>"; };
		9B576F4E20D39B7C00E70269 /* CircleLayer.swift */ = {isa = PBXFileReference; lastKnownFileType = sourcecode.swift; path = CircleLayer.swift; sourceTree = "<group>"; };
		9B576F5020D3A62000E70269 /* ErxesLoader.swift */ = {isa = PBXFileReference; lastKnownFileType = sourcecode.swift; path = ErxesLoader.swift; sourceTree = "<group>"; };
		9B5CE65320D8DC6E003EDBF9 /* MyData.swift */ = {isa = PBXFileReference; lastKnownFileType = sourcecode.swift; path = MyData.swift; sourceTree = "<group>"; };
		9B5CE65520D90846003EDBF9 /* UsersController.swift */ = {isa = PBXFileReference; lastKnownFileType = sourcecode.swift; path = UsersController.swift; sourceTree = "<group>"; };
		9B5CE65720D9088E003EDBF9 /* UserCell.swift */ = {isa = PBXFileReference; lastKnownFileType = sourcecode.swift; path = UserCell.swift; sourceTree = "<group>"; };
		9B5CE65920D90993003EDBF9 /* UsersController.graphql */ = {isa = PBXFileReference; lastKnownFileType = text; path = UsersController.graphql; sourceTree = "<group>"; };
		9B5E455921391BE300DDD687 /* MyButton.swift */ = {isa = PBXFileReference; lastKnownFileType = sourcecode.swift; name = MyButton.swift; path = alert/MyButton.swift; sourceTree = "<group>"; };
		9B5E455B21393DCF00DDD687 /* SettingsController.graphql */ = {isa = PBXFileReference; lastKnownFileType = text; path = SettingsController.graphql; sourceTree = "<group>"; };
		9B5E455F21396AEC00DDD687 /* ErxesTextView.swift */ = {isa = PBXFileReference; lastKnownFileType = sourcecode.swift; path = ErxesTextView.swift; sourceTree = "<group>"; };
		9B6202E820EC60820094A87D /* CustomRow.swift */ = {isa = PBXFileReference; lastKnownFileType = sourcecode.swift; path = CustomRow.swift; sourceTree = "<group>"; };
		9B6202EB20EC81790094A87D /* SuggestionTableViewCell.swift */ = {isa = PBXFileReference; fileEncoding = 4; lastKnownFileType = sourcecode.swift; path = SuggestionTableViewCell.swift; sourceTree = "<group>"; };
		9B6202EC20EC81790094A87D /* SuggestionCollectionCell.swift */ = {isa = PBXFileReference; fileEncoding = 4; lastKnownFileType = sourcecode.swift; path = SuggestionCollectionCell.swift; sourceTree = "<group>"; };
		9B6202ED20EC81790094A87D /* SuggestionTableCell.swift */ = {isa = PBXFileReference; fileEncoding = 4; lastKnownFileType = sourcecode.swift; path = SuggestionTableCell.swift; sourceTree = "<group>"; };
		9B6202EE20EC81790094A87D /* SuggestionCollectionViewCell.swift */ = {isa = PBXFileReference; fileEncoding = 4; lastKnownFileType = sourcecode.swift; path = SuggestionCollectionViewCell.swift; sourceTree = "<group>"; };
		9B6202EF20EC81790094A87D /* SuggestionCell.swift */ = {isa = PBXFileReference; fileEncoding = 4; lastKnownFileType = sourcecode.swift; path = SuggestionCell.swift; sourceTree = "<group>"; };
		9B6202F020EC817A0094A87D /* String+SuggestionValue.swift */ = {isa = PBXFileReference; fileEncoding = 4; lastKnownFileType = sourcecode.swift; path = "String+SuggestionValue.swift"; sourceTree = "<group>"; };
		9B6202F120EC817A0094A87D /* SuggestionRow.swift */ = {isa = PBXFileReference; fileEncoding = 4; lastKnownFileType = sourcecode.swift; path = SuggestionRow.swift; sourceTree = "<group>"; };
		9B80E79620E75A10008BA4BF /* CustomerProfileController.swift */ = {isa = PBXFileReference; lastKnownFileType = sourcecode.swift; path = CustomerProfileController.swift; sourceTree = "<group>"; };
		9B80E79820E76CB5008BA4BF /* CustomerProfileCell.swift */ = {isa = PBXFileReference; lastKnownFileType = sourcecode.swift; path = CustomerProfileCell.swift; sourceTree = "<group>"; };
		9B82254320B7DE0300B7C16D /* SwiftHEXColors.swift */ = {isa = PBXFileReference; lastKnownFileType = sourcecode.swift; path = SwiftHEXColors.swift; sourceTree = "<group>"; };
		9B82254720B7EBAE00B7C16D /* DateFilterController.swift */ = {isa = PBXFileReference; lastKnownFileType = sourcecode.swift; path = DateFilterController.swift; sourceTree = "<group>"; };
		9B94F41120DB309200313543 /* KCKeyboardImagePickerController.swift */ = {isa = PBXFileReference; lastKnownFileType = sourcecode.swift; path = KCKeyboardImagePickerController.swift; sourceTree = "<group>"; };
		9B94F41720DB59FF00313543 /* KCKeyboardImagePickerPreviewViewController.swift */ = {isa = PBXFileReference; lastKnownFileType = sourcecode.swift; path = KCKeyboardImagePickerPreviewViewController.swift; sourceTree = "<group>"; };
		9B94F41920DB5A7400313543 /* KCKeyboardImagePickerView.swift */ = {isa = PBXFileReference; lastKnownFileType = sourcecode.swift; path = KCKeyboardImagePickerView.swift; sourceTree = "<group>"; };
		9B94F41B20DBB48400313543 /* API.swift */ = {isa = PBXFileReference; fileEncoding = 4; lastKnownFileType = sourcecode.swift; name = API.swift; path = "erxes-ios/API.swift"; sourceTree = "<group>"; };
		9B9E34402158B8DF006F9E2D /* ErxesTagLabel.swift */ = {isa = PBXFileReference; lastKnownFileType = sourcecode.swift; path = ErxesTagLabel.swift; sourceTree = "<group>"; };
		9B9E34422158BC22006F9E2D /* ErxesTagView.swift */ = {isa = PBXFileReference; lastKnownFileType = sourcecode.swift; path = ErxesTagView.swift; sourceTree = "<group>"; xcLanguageSpecificationIdentifier = xcode.lang.swift; };
		9B9E34442158DF2A006F9E2D /* TagListView.swift */ = {isa = PBXFileReference; fileEncoding = 4; lastKnownFileType = sourcecode.swift; path = TagListView.swift; sourceTree = "<group>"; };
		9B9E34452158DF2B006F9E2D /* CloseButton.swift */ = {isa = PBXFileReference; fileEncoding = 4; lastKnownFileType = sourcecode.swift; path = CloseButton.swift; sourceTree = "<group>"; };
		9B9E34462158DF2B006F9E2D /* TagView.swift */ = {isa = PBXFileReference; fileEncoding = 4; lastKnownFileType = sourcecode.swift; path = TagView.swift; sourceTree = "<group>"; };
		9B9F5542212E83D90081EC89 /* Appnet.swift */ = {isa = PBXFileReference; fileEncoding = 4; lastKnownFileType = sourcecode.swift; path = Appnet.swift; sourceTree = "<group>"; };
		9B9F5546212E9A450081EC89 /* CustomCells.swift */ = {isa = PBXFileReference; fileEncoding = 4; lastKnownFileType = sourcecode.swift; path = CustomCells.swift; sourceTree = "<group>"; };
		9B9F5549212E9C200081EC89 /* FloatLabelTextField.swift */ = {isa = PBXFileReference; fileEncoding = 4; lastKnownFileType = sourcecode.swift; path = FloatLabelTextField.swift; sourceTree = "<group>"; };
		9B9F554C212EB4E60081EC89 /* Profile.json */ = {isa = PBXFileReference; lastKnownFileType = text.json; path = Profile.json; sourceTree = "<group>"; };
		9BA3F75B217443A700B44A13 /* Company.json */ = {isa = PBXFileReference; lastKnownFileType = text.json; path = Company.json; sourceTree = "<group>"; };
		9BB71605213A77BF00E2ACD0 /* NotificationSettingsCell.swift */ = {isa = PBXFileReference; lastKnownFileType = sourcecode.swift; path = NotificationSettingsCell.swift; sourceTree = "<group>"; };
		9BB71607213A9C6900E2ACD0 /* UserProfileController.swift */ = {isa = PBXFileReference; lastKnownFileType = sourcecode.swift; path = UserProfileController.swift; sourceTree = "<group>"; };
		9BB71609213A9C7800E2ACD0 /* UserProfileController.graphql */ = {isa = PBXFileReference; lastKnownFileType = text; path = UserProfileController.graphql; sourceTree = "<group>"; };
		9BBADE2E216DF20900B6F2D8 /* ContactDetailController.swift */ = {isa = PBXFileReference; lastKnownFileType = sourcecode.swift; path = ContactDetailController.swift; sourceTree = "<group>"; };
		9BBADE30216E07F700B6F2D8 /* ActivityController.swift */ = {isa = PBXFileReference; lastKnownFileType = sourcecode.swift; path = ActivityController.swift; sourceTree = "<group>"; };
		9BBADE32216E080200B6F2D8 /* NoteController.swift */ = {isa = PBXFileReference; lastKnownFileType = sourcecode.swift; path = NoteController.swift; sourceTree = "<group>"; };
		9BBADE34216E080F00B6F2D8 /* ConversationsController.swift */ = {isa = PBXFileReference; lastKnownFileType = sourcecode.swift; path = ConversationsController.swift; sourceTree = "<group>"; };
		9BC09123214F75EF0099BDE7 /* Comfortaa-Regular.ttf */ = {isa = PBXFileReference; lastKnownFileType = file; path = "Comfortaa-Regular.ttf"; sourceTree = "<group>"; };
		9BC09124214F75EF0099BDE7 /* Comfortaa-Bold.ttf */ = {isa = PBXFileReference; lastKnownFileType = file; path = "Comfortaa-Bold.ttf"; sourceTree = "<group>"; };
		9BC09129214F7EDC0099BDE7 /* Assets.xcassets */ = {isa = PBXFileReference; lastKnownFileType = folder.assetcatalog; path = Assets.xcassets; sourceTree = "<group>"; };
		9BC2D9BC20CE3F5C003ADEE7 /* FilterController.swift */ = {isa = PBXFileReference; lastKnownFileType = sourcecode.swift; path = FilterController.swift; sourceTree = "<group>"; };
		9BC2D9C220CE5FDE003ADEE7 /* GDCheckbox.swift */ = {isa = PBXFileReference; fileEncoding = 4; lastKnownFileType = sourcecode.swift; path = GDCheckbox.swift; sourceTree = "<group>"; };
		9BC2D9C420CE6CFF003ADEE7 /* ChannelFilterController.graphql */ = {isa = PBXFileReference; lastKnownFileType = text; path = ChannelFilterController.graphql; sourceTree = "<group>"; };
		9BC2D9C620CE6D1C003ADEE7 /* BrandFilterController.graphql */ = {isa = PBXFileReference; lastKnownFileType = text; path = BrandFilterController.graphql; sourceTree = "<group>"; };
		9BC2D9C820CE6D34003ADEE7 /* TagFilterController.graphql */ = {isa = PBXFileReference; lastKnownFileType = text; path = TagFilterController.graphql; sourceTree = "<group>"; };
		9BDF12B521709F2100B6EBED /* NoteController.graphql */ = {isa = PBXFileReference; lastKnownFileType = text; path = NoteController.graphql; sourceTree = "<group>"; };
		9BDF12B72170A6BC00B6EBED /* LeftImageButton.swift */ = {isa = PBXFileReference; lastKnownFileType = sourcecode.swift; path = LeftImageButton.swift; sourceTree = "<group>"; };
		9BDF12B92170C4C200B6EBED /* MessageUI.framework */ = {isa = PBXFileReference; lastKnownFileType = wrapper.framework; name = MessageUI.framework; path = System/Library/Frameworks/MessageUI.framework; sourceTree = SDKROOT; };
		9BDF35FF20D1150F004E3F44 /* ContactController.swift */ = {isa = PBXFileReference; lastKnownFileType = sourcecode.swift; path = ContactController.swift; sourceTree = "<group>"; };
		9BDF360120D12EE9004E3F44 /* ContactController.graphql */ = {isa = PBXFileReference; lastKnownFileType = text; path = ContactController.graphql; sourceTree = "<group>"; };
		9BDF360320D130C3004E3F44 /* ContactCell.swift */ = {isa = PBXFileReference; lastKnownFileType = sourcecode.swift; path = ContactCell.swift; sourceTree = "<group>"; };
		9BF0C32C216358390030247F /* ContactFilterController.swift */ = {isa = PBXFileReference; fileEncoding = 4; lastKnownFileType = sourcecode.swift; path = ContactFilterController.swift; sourceTree = "<group>"; };
		9BF0C32E216358570030247F /* ContactFilterController.graphql */ = {isa = PBXFileReference; lastKnownFileType = text; path = ContactFilterController.graphql; sourceTree = "<group>"; xcLanguageSpecificationIdentifier = xcode.lang.graphql; };
		B80002F321A7A02000D73770 /* Chat+Network.swift */ = {isa = PBXFileReference; lastKnownFileType = sourcecode.swift; path = "Chat+Network.swift"; sourceTree = "<group>"; };
		B80758DF21A5175200016D2E /* ResponseTemplate.graphql */ = {isa = PBXFileReference; lastKnownFileType = text; path = ResponseTemplate.graphql; sourceTree = "<group>"; };
		B80758E321A51CC300016D2E /* TemplateController.swift */ = {isa = PBXFileReference; lastKnownFileType = sourcecode.swift; path = TemplateController.swift; sourceTree = "<group>"; };
		B80D28AF218AA81F003D52CE /* InboxControllerUI.swift */ = {isa = PBXFileReference; lastKnownFileType = sourcecode.swift; path = InboxControllerUI.swift; sourceTree = "<group>"; };
		B80D28B1218B0ABF003D52CE /* ChatMenu.swift */ = {isa = PBXFileReference; lastKnownFileType = sourcecode.swift; path = ChatMenu.swift; sourceTree = "<group>"; };
		B80D28B4218B53F8003D52CE /* ChatMenu+Network.swift */ = {isa = PBXFileReference; lastKnownFileType = sourcecode.swift; path = "ChatMenu+Network.swift"; sourceTree = "<group>"; };
		B8127C90214284ED00A9F9EC /* ChatController+Keyboard.swift */ = {isa = PBXFileReference; lastKnownFileType = sourcecode.swift; path = "ChatController+Keyboard.swift"; sourceTree = "<group>"; };
		B83794CF2143DC1500C5991D /* ColChatDataSource.swift */ = {isa = PBXFileReference; lastKnownFileType = sourcecode.swift; path = ColChatDataSource.swift; sourceTree = "<group>"; };
		B83794D12147A87D00C5991D /* InComingCell.swift */ = {isa = PBXFileReference; lastKnownFileType = sourcecode.swift; path = InComingCell.swift; sourceTree = "<group>"; };
		B83794D321490C5500C5991D /* FormCell.swift */ = {isa = PBXFileReference; lastKnownFileType = sourcecode.swift; path = FormCell.swift; sourceTree = "<group>"; };
		B83E217E21130CA8005AD39E /* WebKit.framework */ = {isa = PBXFileReference; lastKnownFileType = wrapper.framework; name = WebKit.framework; path = System/Library/Frameworks/WebKit.framework; sourceTree = SDKROOT; };
		B842CC472123E3420052E5C9 /* Industry.json */ = {isa = PBXFileReference; lastKnownFileType = text.json; path = Industry.json; sourceTree = "<group>"; };
		B842CC492123E3870052E5C9 /* LeadStatus.json */ = {isa = PBXFileReference; lastKnownFileType = text.json; path = LeadStatus.json; sourceTree = "<group>"; };
		B842CC4B2123E3CC0052E5C9 /* LifecycleState.json */ = {isa = PBXFileReference; lastKnownFileType = text.json; path = LifecycleState.json; sourceTree = "<group>"; };
		B842CC4D2123E3E80052E5C9 /* BusinessType.json */ = {isa = PBXFileReference; lastKnownFileType = text.json; path = BusinessType.json; sourceTree = "<group>"; };
		B842CC4F21252ABB0052E5C9 /* CompanyController.graphql */ = {isa = PBXFileReference; lastKnownFileType = text; path = CompanyController.graphql; sourceTree = "<group>"; };
		B84C9AFC2175C40B00346324 /* Filter+TableView.swift */ = {isa = PBXFileReference; lastKnownFileType = sourcecode.swift; path = "Filter+TableView.swift"; sourceTree = "<group>"; };
		B84C9AFF2175CA8700346324 /* UIViewController.swift */ = {isa = PBXFileReference; lastKnownFileType = sourcecode.swift; path = UIViewController.swift; sourceTree = "<group>"; };
		B84C9B012175CB2300346324 /* String.swift */ = {isa = PBXFileReference; lastKnownFileType = sourcecode.swift; path = String.swift; sourceTree = "<group>"; };
		B84C9B032175CB3300346324 /* Date.swift */ = {isa = PBXFileReference; lastKnownFileType = sourcecode.swift; path = Date.swift; sourceTree = "<group>"; };
		B84C9B052175CB3E00346324 /* UIView.swift */ = {isa = PBXFileReference; lastKnownFileType = sourcecode.swift; path = UIView.swift; sourceTree = "<group>"; };
		B84C9B072175CBA000346324 /* CustomScalar.swift */ = {isa = PBXFileReference; lastKnownFileType = sourcecode.swift; path = CustomScalar.swift; sourceTree = "<group>"; };
		B84C9B092175CBB600346324 /* UIImageView.swift */ = {isa = PBXFileReference; lastKnownFileType = sourcecode.swift; path = UIImageView.swift; sourceTree = "<group>"; };
		B84C9B0B2175CC0A00346324 /* UIColor.swift */ = {isa = PBXFileReference; lastKnownFileType = sourcecode.swift; path = UIColor.swift; sourceTree = "<group>"; };
		B84C9B0D2175CC5000346324 /* UIFont.swift */ = {isa = PBXFileReference; lastKnownFileType = sourcecode.swift; path = UIFont.swift; sourceTree = "<group>"; };
		B84C9B0F2175CC7F00346324 /* UIImage.swift */ = {isa = PBXFileReference; lastKnownFileType = sourcecode.swift; path = UIImage.swift; sourceTree = "<group>"; };
		B84C9B112175CCA400346324 /* UIAplication.swift */ = {isa = PBXFileReference; lastKnownFileType = sourcecode.swift; path = UIAplication.swift; sourceTree = "<group>"; };
		B84C9B132175CCD200346324 /* Array.swift */ = {isa = PBXFileReference; lastKnownFileType = sourcecode.swift; path = Array.swift; sourceTree = "<group>"; };
		B84C9B152175CCDE00346324 /* Optional.swift */ = {isa = PBXFileReference; lastKnownFileType = sourcecode.swift; path = Optional.swift; sourceTree = "<group>"; };
		B84C9B172175D51600346324 /* Data.swift */ = {isa = PBXFileReference; lastKnownFileType = sourcecode.swift; path = Data.swift; sourceTree = "<group>"; };
		B84C9B192175D5AD00346324 /* Numeric.swift */ = {isa = PBXFileReference; lastKnownFileType = sourcecode.swift; path = Numeric.swift; sourceTree = "<group>"; };
		B84C9B1B2175D79D00346324 /* Inbox+LiveGQL.swift */ = {isa = PBXFileReference; lastKnownFileType = sourcecode.swift; path = "Inbox+LiveGQL.swift"; sourceTree = "<group>"; };
		B8600B8221917C2100384821 /* Locations.json */ = {isa = PBXFileReference; lastKnownFileType = text.json; path = Locations.json; sourceTree = "<group>"; };
		B8600B842192C87100384821 /* Utils.swift */ = {isa = PBXFileReference; lastKnownFileType = sourcecode.swift; path = Utils.swift; sourceTree = "<group>"; };
		B8698335212BD4370068B1FA /* Appnet.swift */ = {isa = PBXFileReference; lastKnownFileType = sourcecode.swift; path = Appnet.swift; sourceTree = "<group>"; };
		B86FE582213EDC3B00124BD3 /* BaseCell.swift */ = {isa = PBXFileReference; lastKnownFileType = sourcecode.swift; path = BaseCell.swift; sourceTree = "<group>"; };
		B86FE584213EDC8100124BD3 /* SentCell.swift */ = {isa = PBXFileReference; lastKnownFileType = sourcecode.swift; path = SentCell.swift; sourceTree = "<group>"; };
		B86FE586213F837700124BD3 /* ImageCell.swift */ = {isa = PBXFileReference; lastKnownFileType = sourcecode.swift; path = ImageCell.swift; sourceTree = "<group>"; };
		B87867CC2188562600A78222 /* LoginControllerUI.swift */ = {isa = PBXFileReference; lastKnownFileType = sourcecode.swift; path = LoginControllerUI.swift; sourceTree = "<group>"; };
		B87CE5C821A5336500B385B8 /* Template+Network.swift */ = {isa = PBXFileReference; lastKnownFileType = sourcecode.swift; path = "Template+Network.swift"; sourceTree = "<group>"; };
		B87CE5CA21A541F400B385B8 /* Template+TableView.swift */ = {isa = PBXFileReference; lastKnownFileType = sourcecode.swift; path = "Template+TableView.swift"; sourceTree = "<group>"; };
		B87CE5CC21A56D0700B385B8 /* TemplateCell.swift */ = {isa = PBXFileReference; lastKnownFileType = sourcecode.swift; path = TemplateCell.swift; sourceTree = "<group>"; };
		B88B6EA92121625D00A9B7FF /* KeychainPasswordItem.swift */ = {isa = PBXFileReference; fileEncoding = 4; lastKnownFileType = sourcecode.swift; path = KeychainPasswordItem.swift; sourceTree = "<group>"; };
		B88C31E5216B38A000B7448E /* ChatControllerProtocol.swift */ = {isa = PBXFileReference; lastKnownFileType = sourcecode.swift; path = ChatControllerProtocol.swift; sourceTree = "<group>"; };
		B88C31E7216B443600B7448E /* ChatControllerUI.swift */ = {isa = PBXFileReference; lastKnownFileType = sourcecode.swift; path = ChatControllerUI.swift; sourceTree = "<group>"; };
		B88C31E9216B46E800B7448E /* ViewController.swift */ = {isa = PBXFileReference; lastKnownFileType = sourcecode.swift; path = ViewController.swift; sourceTree = "<group>"; };
		B88C31EB216B54D200B7448E /* ChatController+CollectionView.swift */ = {isa = PBXFileReference; lastKnownFileType = sourcecode.swift; path = "ChatController+CollectionView.swift"; sourceTree = "<group>"; };
		B88C31ED216B5ECB00B7448E /* ChatInputProtocol.swift */ = {isa = PBXFileReference; lastKnownFileType = sourcecode.swift; path = ChatInputProtocol.swift; sourceTree = "<group>"; };
		B88C31EF216B633900B7448E /* Box.swift */ = {isa = PBXFileReference; lastKnownFileType = sourcecode.swift; path = Box.swift; sourceTree = "<group>"; };
		B88C31F2216C9AA700B7448E /* LiveGQL.swift */ = {isa = PBXFileReference; lastKnownFileType = sourcecode.swift; path = LiveGQL.swift; sourceTree = "<group>"; };
		B88C31F4216C9B2300B7448E /* ChatManagerDelegate.swift */ = {isa = PBXFileReference; lastKnownFileType = sourcecode.swift; path = ChatManagerDelegate.swift; sourceTree = "<group>"; };
		B88C31F6216C9C7F00B7448E /* FileHandler.swift */ = {isa = PBXFileReference; lastKnownFileType = sourcecode.swift; path = FileHandler.swift; sourceTree = "<group>"; };
		B895E23A2166007C0074669A /* FilterCell.swift */ = {isa = PBXFileReference; fileEncoding = 4; lastKnownFileType = sourcecode.swift; path = FilterCell.swift; sourceTree = "<group>"; };
		B8BE67C3215B4FFD00E8A0A6 /* InputCell.swift */ = {isa = PBXFileReference; lastKnownFileType = sourcecode.swift; path = InputCell.swift; sourceTree = "<group>"; };
		B8BE67C5215C995700E8A0A6 /* Filter+Network.swift */ = {isa = PBXFileReference; lastKnownFileType = sourcecode.swift; path = "Filter+Network.swift"; sourceTree = "<group>"; };
		B8C3FDE82161CCEE000EE9AF /* MentionController.swift */ = {isa = PBXFileReference; lastKnownFileType = sourcecode.swift; path = MentionController.swift; sourceTree = "<group>"; };
		B8C3FDEA2161DF06000EE9AF /* Filter+Keyboard.swift */ = {isa = PBXFileReference; lastKnownFileType = sourcecode.swift; path = "Filter+Keyboard.swift"; sourceTree = "<group>"; };
		B8D0F8EB217C760D00990C06 /* CompanyListController.swift */ = {isa = PBXFileReference; fileEncoding = 4; lastKnownFileType = sourcecode.swift; path = CompanyListController.swift; sourceTree = "<group>"; };
		B8E8CB112150BE5100AE492D /* Inbox+TableView.swift */ = {isa = PBXFileReference; lastKnownFileType = sourcecode.swift; path = "Inbox+TableView.swift"; sourceTree = "<group>"; };
		B8E8CB132150BE7300AE492D /* Inbox+Additions.swift */ = {isa = PBXFileReference; lastKnownFileType = sourcecode.swift; path = "Inbox+Additions.swift"; sourceTree = "<group>"; };
		B8F3539B219BF6EC001755E2 /* Customer.swift */ = {isa = PBXFileReference; lastKnownFileType = sourcecode.swift; path = Customer.swift; sourceTree = "<group>"; };
		B8F3539D219D5923001755E2 /* Contact+Network.swift */ = {isa = PBXFileReference; lastKnownFileType = sourcecode.swift; path = "Contact+Network.swift"; sourceTree = "<group>"; };
		B8F3539F219D5C3A001755E2 /* UISegmentedControl.swift */ = {isa = PBXFileReference; lastKnownFileType = sourcecode.swift; path = UISegmentedControl.swift; sourceTree = "<group>"; };
		B8F353A1219D7892001755E2 /* Inbox+Network.swift */ = {isa = PBXFileReference; lastKnownFileType = sourcecode.swift; path = "Inbox+Network.swift"; sourceTree = "<group>"; };
		B8FDDE9A213E48FF00286DE0 /* ChatController.swift */ = {isa = PBXFileReference; lastKnownFileType = sourcecode.swift; path = ChatController.swift; sourceTree = "<group>"; };
		F5431E1F2148F09800DB1304 /* CompanyController.swift */ = {isa = PBXFileReference; fileEncoding = 4; lastKnownFileType = sourcecode.swift; path = CompanyController.swift; sourceTree = "<group>"; };
		F55583A32077166E00413F6A /* erxes-ios.app */ = {isa = PBXFileReference; explicitFileType = wrapper.application; includeInIndex = 0; path = "erxes-ios.app"; sourceTree = BUILT_PRODUCTS_DIR; };
		F55583A62077166E00413F6A /* AppDelegate.swift */ = {isa = PBXFileReference; lastKnownFileType = sourcecode.swift; path = AppDelegate.swift; sourceTree = "<group>"; };
		F55583B02077166E00413F6A /* Base */ = {isa = PBXFileReference; lastKnownFileType = file.storyboard; name = Base; path = Base.lproj/LaunchScreen.storyboard; sourceTree = "<group>"; };
		F55583B22077166E00413F6A /* Info.plist */ = {isa = PBXFileReference; lastKnownFileType = text.plist.xml; path = Info.plist; sourceTree = "<group>"; };
		F55583BA207716BB00413F6A /* Constants.swift */ = {isa = PBXFileReference; fileEncoding = 4; lastKnownFileType = sourcecode.swift; path = Constants.swift; sourceTree = "<group>"; };
		F55583BC207716F800413F6A /* TabController.swift */ = {isa = PBXFileReference; fileEncoding = 4; lastKnownFileType = sourcecode.swift; path = TabController.swift; sourceTree = "<group>"; };
		F55583BE2077173C00413F6A /* NavigationController.swift */ = {isa = PBXFileReference; lastKnownFileType = sourcecode.swift; path = NavigationController.swift; sourceTree = "<group>"; };
		F58F2037207B313200D8564D /* LoginController.graphql */ = {isa = PBXFileReference; fileEncoding = 4; lastKnownFileType = text; path = LoginController.graphql; sourceTree = "<group>"; };
		F58F203A207B372800D8564D /* ErxesUser.swift */ = {isa = PBXFileReference; fileEncoding = 4; lastKnownFileType = sourcecode.swift; path = ErxesUser.swift; sourceTree = "<group>"; };
		F58F203C207B37F900D8564D /* LocalAuthentication.framework */ = {isa = PBXFileReference; lastKnownFileType = wrapper.framework; name = LocalAuthentication.framework; path = System/Library/Frameworks/LocalAuthentication.framework; sourceTree = SDKROOT; };
		F58F203E207B381400D8564D /* FailureAlert.swift */ = {isa = PBXFileReference; fileEncoding = 4; lastKnownFileType = sourcecode.swift; path = FailureAlert.swift; sourceTree = "<group>"; };
		F58F203F207B381400D8564D /* Modal.swift */ = {isa = PBXFileReference; fileEncoding = 4; lastKnownFileType = sourcecode.swift; path = Modal.swift; sourceTree = "<group>"; };
		F58F204B207B4F2900D8564D /* InboxController.graphql */ = {isa = PBXFileReference; fileEncoding = 4; lastKnownFileType = text; path = InboxController.graphql; sourceTree = "<group>"; };
		F58F2053207B4F2B00D8564D /* InboxController.swift */ = {isa = PBXFileReference; fileEncoding = 4; lastKnownFileType = sourcecode.swift; path = InboxController.swift; sourceTree = "<group>"; };
		F58F205D207B4F4B00D8564D /* ErxesInboxCell.swift */ = {isa = PBXFileReference; fileEncoding = 4; lastKnownFileType = sourcecode.swift; path = ErxesInboxCell.swift; sourceTree = "<group>"; };
		F58F205F207B4FE800D8564D /* ErxesButton.swift */ = {isa = PBXFileReference; fileEncoding = 4; lastKnownFileType = sourcecode.swift; path = ErxesButton.swift; sourceTree = "<group>"; };
		F58F2060207B4FE800D8564D /* ErxesLabel.swift */ = {isa = PBXFileReference; fileEncoding = 4; lastKnownFileType = sourcecode.swift; path = ErxesLabel.swift; sourceTree = "<group>"; };
		F58F2061207B4FE900D8564D /* ErxesField.swift */ = {isa = PBXFileReference; fileEncoding = 4; lastKnownFileType = sourcecode.swift; path = ErxesField.swift; sourceTree = "<group>"; };
		F5BEE31520772C0D0042DFC2 /* LoginController.swift */ = {isa = PBXFileReference; lastKnownFileType = sourcecode.swift; path = LoginController.swift; sourceTree = "<group>"; xcLanguageSpecificationIdentifier = xcode.lang.swift; };
		F5BEE32420774ADE0042DFC2 /* Podfile */ = {isa = PBXFileReference; fileEncoding = 4; lastKnownFileType = text; path = Podfile; sourceTree = "<group>"; xcLanguageSpecificationIdentifier = xcode.lang.ruby; };
		F5BEE326207760E10042DFC2 /* MyFormViewController.swift */ = {isa = PBXFileReference; lastKnownFileType = sourcecode.swift; path = MyFormViewController.swift; sourceTree = "<group>"; };
		F5BEE328207761730042DFC2 /* MyTextField.swift */ = {isa = PBXFileReference; lastKnownFileType = sourcecode.swift; path = MyTextField.swift; sourceTree = "<group>"; };
		FA776603C60496B407816DA5 /* Pods_erxes_ios.framework */ = {isa = PBXFileReference; explicitFileType = wrapper.framework; includeInIndex = 0; path = Pods_erxes_ios.framework; sourceTree = BUILT_PRODUCTS_DIR; };
/* End PBXFileReference section */

/* Begin PBXFrameworksBuildPhase section */
		F55583A02077166E00413F6A /* Frameworks */ = {
			isa = PBXFrameworksBuildPhase;
			buildActionMask = 2147483647;
			files = (
				9BDF12BA2170C4C200B6EBED /* MessageUI.framework in Frameworks */,
				B83E217F21130CA8005AD39E /* WebKit.framework in Frameworks */,
				F58F203D207B37F900D8564D /* LocalAuthentication.framework in Frameworks */,
				A1E8A29429196FEA7CCAA093 /* Pods_erxes_ios.framework in Frameworks */,
			);
			runOnlyForDeploymentPostprocessing = 0;
		};
/* End PBXFrameworksBuildPhase section */

/* Begin PBXGroup section */
		133E159433BA7CEF780F31DE /* Pods */ = {
			isa = PBXGroup;
			children = (
				8FB018212DBB53FDAA50FCA6 /* Pods-NMG.CRM.debug.xcconfig */,
				1363BE36104A330BAA20F107 /* Pods-NMG.CRM.release.xcconfig */,
				1B1762419AA7B0A3A0F02580 /* Pods-erxes-ios.debug.xcconfig */,
				4B517246B47FE17016C552D6 /* Pods-erxes-ios.release.xcconfig */,
			);
			name = Pods;
			sourceTree = "<group>";
		};
		5B23F9527E4F6C2FBA7439DA /* Frameworks */ = {
			isa = PBXGroup;
			children = (
				9BDF12B92170C4C200B6EBED /* MessageUI.framework */,
				B83E217E21130CA8005AD39E /* WebKit.framework */,
				F58F203C207B37F900D8564D /* LocalAuthentication.framework */,
				9634C14764D6BB1A1913F342 /* Pods_NMG_CRM.framework */,
				FA776603C60496B407816DA5 /* Pods_erxes_ios.framework */,
			);
			name = Frameworks;
			sourceTree = "<group>";
		};
		9B1E939520C8D43C00AC4FED /* ChatController */ = {
			isa = PBXGroup;
			children = (
				B80758DE21A5171B00016D2E /* ResponseTemplate */,
				B80D28B3218B53A5003D52CE /* ChatMenu */,
				B88C31F1216C9A6600B7448E /* ChatManager */,
				B86FE581213EDB7800124BD3 /* ChatCells */,
				B88C31E7216B443600B7448E /* ChatControllerUI.swift */,
				B8FDDE9A213E48FF00286DE0 /* ChatController.swift */,
				B88C31E5216B38A000B7448E /* ChatControllerProtocol.swift */,
				B88C31ED216B5ECB00B7448E /* ChatInputProtocol.swift */,
				B8127C90214284ED00A9F9EC /* ChatController+Keyboard.swift */,
				9B1E939E20C8FD1D00AC4FED /* ChatController.graphql */,
				B8C3FDE82161CCEE000EE9AF /* MentionController.swift */,
				B88C31EB216B54D200B7448E /* ChatController+CollectionView.swift */,
				B80002F321A7A02000D73770 /* Chat+Network.swift */,
			);
			path = ChatController;
			sourceTree = "<group>";
		};
		9B35E99B20D78EF300733FAD /* UI Elements */ = {
			isa = PBXGroup;
			children = (
				F5BEE328207761730042DFC2 /* MyTextField.swift */,
				F58F205F207B4FE800D8564D /* ErxesButton.swift */,
				F58F2061207B4FE900D8564D /* ErxesField.swift */,
				9B5E455921391BE300DDD687 /* MyButton.swift */,
				F58F2060207B4FE800D8564D /* ErxesLabel.swift */,
				9B5E455F21396AEC00DDD687 /* ErxesTextView.swift */,
				9BDF12B72170A6BC00B6EBED /* LeftImageButton.swift */,
				9B35E99E20D78FF400733FAD /* alert */,
				9B35E99D20D78F1700733FAD /* loader */,
				9BF5B462209989F6006CF2D3 /* taglist */,
				9BC2D9C220CE5FDE003ADEE7 /* GDCheckbox.swift */,
			);
			path = "UI Elements";
			sourceTree = "<group>";
		};
		9B35E99D20D78F1700733FAD /* loader */ = {
			isa = PBXGroup;
			children = (
				9B576F4E20D39B7C00E70269 /* CircleLayer.swift */,
				9B576F5020D3A62000E70269 /* ErxesLoader.swift */,
				9B55DE1E215CD4FF0044F684 /* LineProgressView.swift */,
			);
			path = loader;
			sourceTree = "<group>";
		};
		9B35E99E20D78FF400733FAD /* alert */ = {
			isa = PBXGroup;
			children = (
				F58F203E207B381400D8564D /* FailureAlert.swift */,
				F58F203F207B381400D8564D /* Modal.swift */,
			);
			path = alert;
			sourceTree = "<group>";
		};
		9B35E99F20D7902800733FAD /* Routing */ = {
			isa = PBXGroup;
			children = (
				9B1E939A20C8D8F700AC4FED /* Route.swift */,
				9B1E939C20C8E34B00AC4FED /* MyAppNavigation.swift */,
			);
			name = Routing;
			path = ..;
			sourceTree = "<group>";
		};
		9B35E9A020D7903C00733FAD /* Abstract */ = {
			isa = PBXGroup;
			children = (
				F55583BE2077173C00413F6A /* NavigationController.swift */,
				F5BEE326207760E10042DFC2 /* MyFormViewController.swift */,
			);
			name = Abstract;
			path = ..;
			sourceTree = "<group>";
		};
		9B35E9A120D7907300733FAD /* Global */ = {
			isa = PBXGroup;
			children = (
				B8F3539A219BF676001755E2 /* Util */,
				B84C9AFE2175CA3A00346324 /* Extensions */,
				B88C31E9216B46E800B7448E /* ViewController.swift */,
				B88B6EA92121625D00A9B7FF /* KeychainPasswordItem.swift */,
				9B82254320B7DE0300B7C16D /* SwiftHEXColors.swift */,
				F58F203A207B372800D8564D /* ErxesUser.swift */,
				9B1E93A220C94D2800AC4FED /* Message.swift */,
				9B5CE65320D8DC6E003EDBF9 /* MyData.swift */,
				B8698335212BD4370068B1FA /* Appnet.swift */,
				B88C31EF216B633900B7448E /* Box.swift */,
			);
			name = Global;
			path = ..;
			sourceTree = "<group>";
		};
		9B410FAA20B29DAB00AA4A19 /* detail */ = {
			isa = PBXGroup;
			children = (
				9BC2D9C420CE6CFF003ADEE7 /* ChannelFilterController.graphql */,
				9BC2D9C620CE6D1C003ADEE7 /* BrandFilterController.graphql */,
				9BC2D9C820CE6D34003ADEE7 /* TagFilterController.graphql */,
				9B82254720B7EBAE00B7C16D /* DateFilterController.swift */,
			);
			path = detail;
			sourceTree = "<group>";
		};
		9B4AB585216F490800BDD33D /* ActivityLog */ = {
			isa = PBXGroup;
			children = (
				9BBADE30216E07F700B6F2D8 /* ActivityController.swift */,
				9B4AB583216F409400BDD33D /* ActivityController.graphql */,
				9B4AB586216F492900BDD33D /* ActivityCellCon.swift */,
				9B4AB588216F649E00BDD33D /* ActivityCellReg.swift */,
				9BBADE32216E080200B6F2D8 /* NoteController.swift */,
				9BDF12B521709F2100B6EBED /* NoteController.graphql */,
				9BBADE34216E080F00B6F2D8 /* ConversationsController.swift */,
			);
			path = ActivityLog;
			sourceTree = "<group>";
		};
		9B567092212A84E00023B5AF /* ErxesFont */ = {
			isa = PBXGroup;
			children = (
				9B567093212A84FA0023B5AF /* erxes.ttf */,
				9B567095212A856E0023B5AF /* ErxesFont.swift */,
				9B567097212A89480023B5AF /* ErxesFontKit.swift */,
			);
			path = ErxesFont;
			sourceTree = "<group>";
		};
		9B6202EA20EC81670094A87D /* SuggestionRow */ = {
			isa = PBXGroup;
			children = (
				9B6202F020EC817A0094A87D /* String+SuggestionValue.swift */,
				9B6202EF20EC81790094A87D /* SuggestionCell.swift */,
				9B6202EC20EC81790094A87D /* SuggestionCollectionCell.swift */,
				9B6202EE20EC81790094A87D /* SuggestionCollectionViewCell.swift */,
				9B6202F120EC817A0094A87D /* SuggestionRow.swift */,
				9B6202ED20EC81790094A87D /* SuggestionTableCell.swift */,
				9B6202EB20EC81790094A87D /* SuggestionTableViewCell.swift */,
			);
			path = SuggestionRow;
			sourceTree = "<group>";
		};
		9B80E79520E759F4008BA4BF /* CustomerProfileController */ = {
			isa = PBXGroup;
			children = (
				9B80E79620E75A10008BA4BF /* CustomerProfileController.swift */,
				9B9F554C212EB4E60081EC89 /* Profile.json */,
				9B008BAA20EA26B20054997E /* CustomerProfileController.graphql */,
				9B80E79820E76CB5008BA4BF /* CustomerProfileCell.swift */,
				9B6202E820EC60820094A87D /* CustomRow.swift */,
				9B4AB585216F490800BDD33D /* ActivityLog */,
			);
			path = CustomerProfileController;
			sourceTree = "<group>";
		};
		9B94F41020DB305800313543 /* Lib */ = {
			isa = PBXGroup;
			children = (
				9B9F5545212E9A300081EC89 /* Eureka custom objects */,
				9B567092212A84E00023B5AF /* ErxesFont */,
				9B567090212A7D420023B5AF /* KeychainPasswordItem.swift */,
				9B35E99B20D78EF300733FAD /* UI Elements */,
				9B94F41120DB309200313543 /* KCKeyboardImagePickerController.swift */,
				9B94F41720DB59FF00313543 /* KCKeyboardImagePickerPreviewViewController.swift */,
				9B94F41920DB5A7400313543 /* KCKeyboardImagePickerView.swift */,
			);
			name = Lib;
			path = ..;
			sourceTree = "<group>";
		};
		9B9F5545212E9A300081EC89 /* Eureka custom objects */ = {
			isa = PBXGroup;
			children = (
				9B9F5548212E9C170081EC89 /* helpers */,
				9B9F5546212E9A450081EC89 /* CustomCells.swift */,
				9B6202EA20EC81670094A87D /* SuggestionRow */,
			);
			path = "Eureka custom objects";
			sourceTree = "<group>";
		};
		9B9F5548212E9C170081EC89 /* helpers */ = {
			isa = PBXGroup;
			children = (
				9B9F5549212E9C200081EC89 /* FloatLabelTextField.swift */,
			);
			path = helpers;
			sourceTree = "<group>";
		};
		9BC2D9BA20CE3EE9003ADEE7 /* Filter */ = {
			isa = PBXGroup;
			children = (
				9BC2D9BC20CE3F5C003ADEE7 /* FilterController.swift */,
				B84C9AFC2175C40B00346324 /* Filter+TableView.swift */,
				B8C3FDEA2161DF06000EE9AF /* Filter+Keyboard.swift */,
				B8BE67C5215C995700E8A0A6 /* Filter+Network.swift */,
				B8BE67C3215B4FFD00E8A0A6 /* InputCell.swift */,
				9B410FAA20B29DAB00AA4A19 /* detail */,
			);
			path = Filter;
			sourceTree = "<group>";
		};
		9BF5B462209989F6006CF2D3 /* taglist */ = {
			isa = PBXGroup;
			children = (
				9B9E34452158DF2B006F9E2D /* CloseButton.swift */,
				9B9E34442158DF2A006F9E2D /* TagListView.swift */,
				9B9E34462158DF2B006F9E2D /* TagView.swift */,
				9B9E34402158B8DF006F9E2D /* ErxesTagLabel.swift */,
				9B9E34422158BC22006F9E2D /* ErxesTagView.swift */,
			);
			path = taglist;
			sourceTree = "<group>";
		};
		B80758DE21A5171B00016D2E /* ResponseTemplate */ = {
			isa = PBXGroup;
			children = (
				B80758DF21A5175200016D2E /* ResponseTemplate.graphql */,
				B80758E321A51CC300016D2E /* TemplateController.swift */,
				B87CE5C821A5336500B385B8 /* Template+Network.swift */,
				B87CE5CA21A541F400B385B8 /* Template+TableView.swift */,
				B87CE5CC21A56D0700B385B8 /* TemplateCell.swift */,
			);
			path = ResponseTemplate;
			sourceTree = "<group>";
		};
		B80D28B3218B53A5003D52CE /* ChatMenu */ = {
			isa = PBXGroup;
			children = (
				B80D28B1218B0ABF003D52CE /* ChatMenu.swift */,
				B80D28B4218B53F8003D52CE /* ChatMenu+Network.swift */,
			);
			path = ChatMenu;
			sourceTree = "<group>";
		};
		B84C9AFE2175CA3A00346324 /* Extensions */ = {
			isa = PBXGroup;
			children = (
				B84C9AFF2175CA8700346324 /* UIViewController.swift */,
				B84C9B012175CB2300346324 /* String.swift */,
				B84C9B032175CB3300346324 /* Date.swift */,
				B84C9B052175CB3E00346324 /* UIView.swift */,
				B84C9B072175CBA000346324 /* CustomScalar.swift */,
				B84C9B092175CBB600346324 /* UIImageView.swift */,
				B84C9B0B2175CC0A00346324 /* UIColor.swift */,
				B84C9B0D2175CC5000346324 /* UIFont.swift */,
				B84C9B0F2175CC7F00346324 /* UIImage.swift */,
				B84C9B112175CCA400346324 /* UIAplication.swift */,
				B84C9B132175CCD200346324 /* Array.swift */,
				B84C9B152175CCDE00346324 /* Optional.swift */,
				B84C9B172175D51600346324 /* Data.swift */,
				B84C9B192175D5AD00346324 /* Numeric.swift */,
				B8F3539F219D5C3A001755E2 /* UISegmentedControl.swift */,
			);
			path = Extensions;
			sourceTree = "<group>";
		};
		B86FE581213EDB7800124BD3 /* ChatCells */ = {
			isa = PBXGroup;
			children = (
				B86FE582213EDC3B00124BD3 /* BaseCell.swift */,
				B86FE584213EDC8100124BD3 /* SentCell.swift */,
				B83794D12147A87D00C5991D /* InComingCell.swift */,
				B86FE586213F837700124BD3 /* ImageCell.swift */,
				B83794D321490C5500C5991D /* FormCell.swift */,
			);
			path = ChatCells;
			sourceTree = "<group>";
		};
		B88B6EAF2122A21000A9B7FF /* CompanyController */ = {
			isa = PBXGroup;
			children = (
				B8D0F8EB217C760D00990C06 /* CompanyListController.swift */,
				F5431E1F2148F09800DB1304 /* CompanyController.swift */,
				9BA3F75B217443A700B44A13 /* Company.json */,
				B842CC4F21252ABB0052E5C9 /* CompanyController.graphql */,
			);
			path = CompanyController;
			sourceTree = "<group>";
		};
		B88C31F1216C9A6600B7448E /* ChatManager */ = {
			isa = PBXGroup;
			children = (
				B88C31F2216C9AA700B7448E /* LiveGQL.swift */,
				B88C31F4216C9B2300B7448E /* ChatManagerDelegate.swift */,
				B83794CF2143DC1500C5991D /* ColChatDataSource.swift */,
				B88C31F6216C9C7F00B7448E /* FileHandler.swift */,
			);
			path = ChatManager;
			sourceTree = "<group>";
		};
		B8F3539A219BF676001755E2 /* Util */ = {
			isa = PBXGroup;
			children = (
				B8600B842192C87100384821 /* Utils.swift */,
				B8F3539B219BF6EC001755E2 /* Customer.swift */,
			);
			path = Util;
			sourceTree = "<group>";
		};
		F555839A2077166E00413F6A = {
			isa = PBXGroup;
			children = (
				F5BEE32420774ADE0042DFC2 /* Podfile */,
				F55583BA207716BB00413F6A /* Constants.swift */,
				9B94F41B20DBB48400313543 /* API.swift */,
				9B9F5542212E83D90081EC89 /* Appnet.swift */,
				F55583A62077166E00413F6A /* AppDelegate.swift */,
				F55583A52077166E00413F6A /* erxes-ios */,
				F55583A42077166E00413F6A /* Products */,
				5B23F9527E4F6C2FBA7439DA /* Frameworks */,
				133E159433BA7CEF780F31DE /* Pods */,
			);
			sourceTree = "<group>";
		};
		F55583A42077166E00413F6A /* Products */ = {
			isa = PBXGroup;
			children = (
				F55583A32077166E00413F6A /* erxes-ios.app */,
			);
			name = Products;
			sourceTree = "<group>";
		};
		F55583A52077166E00413F6A /* erxes-ios */ = {
			isa = PBXGroup;
			children = (
				F5BEE31120772BCB0042DFC2 /* Controllers */,
				9B94F41020DB305800313543 /* Lib */,
				9B35E9A120D7907300733FAD /* Global */,
				9B35E9A020D7903C00733FAD /* Abstract */,
				9B35E99F20D7902800733FAD /* Routing */,
				F55583D02077192000413F6A /* Resources */,
				F55583AF2077166E00413F6A /* LaunchScreen.storyboard */,
				9BC09129214F7EDC0099BDE7 /* Assets.xcassets */,
				F55583B22077166E00413F6A /* Info.plist */,
			);
			path = "erxes-ios";
			sourceTree = "<group>";
		};
		F55583D02077192000413F6A /* Resources */ = {
			isa = PBXGroup;
			children = (
				9B089B4020CA7EA5003EC255 /* facebook_messagetone.mp3 */,
				F5BEE32A20776BC30042DFC2 /* Fonts */,
				9B089B3E20CA7A67003EC255 /* avatar.png */,
				B842CC472123E3420052E5C9 /* Industry.json */,
				B842CC492123E3870052E5C9 /* LeadStatus.json */,
				B842CC4B2123E3CC0052E5C9 /* LifecycleState.json */,
				B842CC4D2123E3E80052E5C9 /* BusinessType.json */,
				B8600B8221917C2100384821 /* Locations.json */,
			);
			path = Resources;
			sourceTree = "<group>";
		};
		F58F2048207B4DA200D8564D /* Inbox */ = {
			isa = PBXGroup;
			children = (
				9BC2D9BA20CE3EE9003ADEE7 /* Filter */,
				B80D28AF218AA81F003D52CE /* InboxControllerUI.swift */,
				F58F2053207B4F2B00D8564D /* InboxController.swift */,
				F58F205D207B4F4B00D8564D /* ErxesInboxCell.swift */,
				B8E8CB112150BE5100AE492D /* Inbox+TableView.swift */,
				B8E8CB132150BE7300AE492D /* Inbox+Additions.swift */,
				B84C9B1B2175D79D00346324 /* Inbox+LiveGQL.swift */,
				B8F353A1219D7892001755E2 /* Inbox+Network.swift */,
				F58F204B207B4F2900D8564D /* InboxController.graphql */,
				9B5CE65520D90846003EDBF9 /* UsersController.swift */,
				9B5CE65920D90993003EDBF9 /* UsersController.graphql */,
				9B5CE65720D9088E003EDBF9 /* UserCell.swift */,
			);
			path = Inbox;
			sourceTree = "<group>";
		};
		F58F2049207B4DA900D8564D /* Contact */ = {
			isa = PBXGroup;
			children = (
				9BDF35FF20D1150F004E3F44 /* ContactController.swift */,
				9BDF360120D12EE9004E3F44 /* ContactController.graphql */,
				B8F3539D219D5923001755E2 /* Contact+Network.swift */,
				9BDF360320D130C3004E3F44 /* ContactCell.swift */,
				9BF0C32C216358390030247F /* ContactFilterController.swift */,
				9BF0C32E216358570030247F /* ContactFilterController.graphql */,
				9BBADE2E216DF20900B6F2D8 /* ContactDetailController.swift */,
			);
			path = Contact;
			sourceTree = "<group>";
		};
		F58F204A207B4DB000D8564D /* Settings */ = {
			isa = PBXGroup;
			children = (
				B895E23A2166007C0074669A /* FilterCell.swift */,
				9B475C8A2137B9CB0074346B /* SettingsController.swift */,
				9B5E455B21393DCF00DDD687 /* SettingsController.graphql */,
				9BB71607213A9C6900E2ACD0 /* UserProfileController.swift */,
				9BB71609213A9C7800E2ACD0 /* UserProfileController.graphql */,
				9B475C8E2137CBA70074346B /* ProfileView.swift */,
				9B475C8C2137BDB20074346B /* SettingsCell.swift */,
				9BB71605213A77BF00E2ACD0 /* NotificationSettingsCell.swift */,
				9B477B3E215E082000B01E3B /* PasswordSettingsController.swift */,
				9B27ADF82160A7A4000E0A7C /* EmailSignatureController.swift */,
				9B27ADFA2160B708000E0A7C /* NotificationSettingsController.swift */,
			);
			path = Settings;
			sourceTree = "<group>";
		};
		F5BEE31120772BCB0042DFC2 /* Controllers */ = {
			isa = PBXGroup;
			children = (
				F5BEE31420772BF90042DFC2 /* Login */,
				F5BEE31D20772E900042DFC2 /* TabViewController */,
			);
			path = Controllers;
			sourceTree = "<group>";
		};
		F5BEE31420772BF90042DFC2 /* Login */ = {
			isa = PBXGroup;
			children = (
				B87867CC2188562600A78222 /* LoginControllerUI.swift */,
				F5BEE31520772C0D0042DFC2 /* LoginController.swift */,
				F58F2037207B313200D8564D /* LoginController.graphql */,
			);
			path = Login;
			sourceTree = "<group>";
		};
		F5BEE31D20772E900042DFC2 /* TabViewController */ = {
			isa = PBXGroup;
			children = (
				F55583BC207716F800413F6A /* TabController.swift */,
				B88B6EAF2122A21000A9B7FF /* CompanyController */,
				9B80E79520E759F4008BA4BF /* CustomerProfileController */,
				9B1E939520C8D43C00AC4FED /* ChatController */,
				F58F2048207B4DA200D8564D /* Inbox */,
				F58F2049207B4DA900D8564D /* Contact */,
				F58F204A207B4DB000D8564D /* Settings */,
			);
			path = TabViewController;
			sourceTree = "<group>";
		};
		F5BEE32A20776BC30042DFC2 /* Fonts */ = {
			isa = PBXGroup;
			children = (
				9BC09124214F75EF0099BDE7 /* Comfortaa-Bold.ttf */,
				9BC09123214F75EF0099BDE7 /* Comfortaa-Regular.ttf */,
			);
			path = Fonts;
			sourceTree = "<group>";
		};
/* End PBXGroup section */

/* Begin PBXNativeTarget section */
		F55583A22077166E00413F6A /* erxes-ios */ = {
			isa = PBXNativeTarget;
			buildConfigurationList = F55583B52077166E00413F6A /* Build configuration list for PBXNativeTarget "erxes-ios" */;
			buildPhases = (
				901441A5505EB5C83F9C4932 /* [CP] Check Pods Manifest.lock */,
				9BD9BC9120E3613400CCFEA6 /* Generate Apollo GraphQL API */,
				F555839F2077166E00413F6A /* Sources */,
				F55583A02077166E00413F6A /* Frameworks */,
				F55583A12077166E00413F6A /* Resources */,
				3405F6BD12D3D3AD2AEC9D63 /* [CP] Embed Pods Frameworks */,
			);
			buildRules = (
			);
			dependencies = (
			);
			name = "erxes-ios";
			productName = NMG.CRM;
			productReference = F55583A32077166E00413F6A /* erxes-ios.app */;
			productType = "com.apple.product-type.application";
		};
/* End PBXNativeTarget section */

/* Begin PBXProject section */
		F555839B2077166E00413F6A /* Project object */ = {
			isa = PBXProject;
			attributes = {
				LastSwiftUpdateCheck = 0920;
				LastUpgradeCheck = 0920;
				ORGANIZATIONNAME = "Erxes Inc";
				TargetAttributes = {
					F55583A22077166E00413F6A = {
						CreatedOnToolsVersion = 9.2;
						LastSwiftMigration = 0930;
						ProvisioningStyle = Automatic;
					};
				};
			};
			buildConfigurationList = F555839E2077166E00413F6A /* Build configuration list for PBXProject "erxes-ios" */;
			compatibilityVersion = "Xcode 8.0";
			developmentRegion = en;
			hasScannedForEncodings = 0;
			knownRegions = (
				en,
				Base,
			);
			mainGroup = F555839A2077166E00413F6A;
			productRefGroup = F55583A42077166E00413F6A /* Products */;
			projectDirPath = "";
			projectRoot = "";
			targets = (
				F55583A22077166E00413F6A /* erxes-ios */,
			);
		};
/* End PBXProject section */

/* Begin PBXResourcesBuildPhase section */
		F55583A12077166E00413F6A /* Resources */ = {
			isa = PBXResourcesBuildPhase;
			buildActionMask = 2147483647;
			files = (
				9B4AB584216F409400BDD33D /* ActivityController.graphql in Resources */,
				9B5E455C21393DCF00DDD687 /* SettingsController.graphql in Resources */,
				B8600B8321917C2100384821 /* Locations.json in Resources */,
				9BDF12B621709F2100B6EBED /* NoteController.graphql in Resources */,
				B80758E021A5175200016D2E /* ResponseTemplate.graphql in Resources */,
				B842CC4C2123E3CC0052E5C9 /* LifecycleState.json in Resources */,
				9BB7160A213A9C7800E2ACD0 /* UserProfileController.graphql in Resources */,
				B842CC4E2123E3E80052E5C9 /* BusinessType.json in Resources */,
				F5BEE32520774ADE0042DFC2 /* Podfile in Resources */,
				9B9F554D212EB4E60081EC89 /* Profile.json in Resources */,
				9BC2D9C720CE6D1C003ADEE7 /* BrandFilterController.graphql in Resources */,
				F55583B12077166E00413F6A /* LaunchScreen.storyboard in Resources */,
				9BC09126214F75EF0099BDE7 /* Comfortaa-Bold.ttf in Resources */,
				9B1E939F20C8FD1D00AC4FED /* ChatController.graphql in Resources */,
				B842CC482123E3420052E5C9 /* Industry.json in Resources */,
				9BC2D9C520CE6CFF003ADEE7 /* ChannelFilterController.graphql in Resources */,
				9BA3F75C217443A700B44A13 /* Company.json in Resources */,
				9BF0C32F216358580030247F /* ContactFilterController.graphql in Resources */,
				9B089B3F20CA7A67003EC255 /* avatar.png in Resources */,
				9BC0912A214F7EDD0099BDE7 /* Assets.xcassets in Resources */,
				9BC2D9C920CE6D34003ADEE7 /* TagFilterController.graphql in Resources */,
				9BDF360220D12EEA004E3F44 /* ContactController.graphql in Resources */,
				B842CC4A2123E3870052E5C9 /* LeadStatus.json in Resources */,
				9B5CE65A20D90993003EDBF9 /* UsersController.graphql in Resources */,
				9B089B4120CA7EA6003EC255 /* facebook_messagetone.mp3 in Resources */,
				B842CC5021252ABB0052E5C9 /* CompanyController.graphql in Resources */,
				F58F2054207B4F2C00D8564D /* InboxController.graphql in Resources */,
				9BC09125214F75EF0099BDE7 /* Comfortaa-Regular.ttf in Resources */,
				F58F2038207B313200D8564D /* LoginController.graphql in Resources */,
				9B567094212A84FA0023B5AF /* erxes.ttf in Resources */,
				9B008BAB20EA26B20054997E /* CustomerProfileController.graphql in Resources */,
			);
			runOnlyForDeploymentPostprocessing = 0;
		};
/* End PBXResourcesBuildPhase section */

/* Begin PBXShellScriptBuildPhase section */
		3405F6BD12D3D3AD2AEC9D63 /* [CP] Embed Pods Frameworks */ = {
			isa = PBXShellScriptBuildPhase;
			buildActionMask = 2147483647;
			files = (
			);
			inputPaths = (
				"${SRCROOT}/Pods/Target Support Files/Pods-erxes-ios/Pods-erxes-ios-frameworks.sh",
				"${BUILT_PRODUCTS_DIR}/Alamofire/Alamofire.framework",
				"${BUILT_PRODUCTS_DIR}/Apollo/Apollo.framework",
				"${BUILT_PRODUCTS_DIR}/DTPagerController/DTPagerController.framework",
				"${BUILT_PRODUCTS_DIR}/Daysquare/Daysquare.framework",
				"${BUILT_PRODUCTS_DIR}/Eureka/Eureka.framework",
				"${BUILT_PRODUCTS_DIR}/HMSegmentedControl/HMSegmentedControl.framework",
				"${BUILT_PRODUCTS_DIR}/IQKeyboardManagerSwift/IQKeyboardManagerSwift.framework",
				"${BUILT_PRODUCTS_DIR}/ImageRow/ImageRow.framework",
				"${BUILT_PRODUCTS_DIR}/LiveGQL/LiveGQL.framework",
				"${BUILT_PRODUCTS_DIR}/ReachabilitySwift/Reachability.framework",
				"${BUILT_PRODUCTS_DIR}/SDWebImage/SDWebImage.framework",
				"${BUILT_PRODUCTS_DIR}/SKPhotoBrowser/SKPhotoBrowser.framework",
				"${BUILT_PRODUCTS_DIR}/SQLite.swift/SQLite.framework",
				"${BUILT_PRODUCTS_DIR}/Shimmer/Shimmer.framework",
				"${BUILT_PRODUCTS_DIR}/SideMenu/SideMenu.framework",
				"${BUILT_PRODUCTS_DIR}/SnapKit/SnapKit.framework",
				"${BUILT_PRODUCTS_DIR}/SocketRocket/SocketRocket.framework",
			);
			name = "[CP] Embed Pods Frameworks";
			outputPaths = (
				"${TARGET_BUILD_DIR}/${FRAMEWORKS_FOLDER_PATH}/Alamofire.framework",
				"${TARGET_BUILD_DIR}/${FRAMEWORKS_FOLDER_PATH}/Apollo.framework",
				"${TARGET_BUILD_DIR}/${FRAMEWORKS_FOLDER_PATH}/DTPagerController.framework",
				"${TARGET_BUILD_DIR}/${FRAMEWORKS_FOLDER_PATH}/Daysquare.framework",
				"${TARGET_BUILD_DIR}/${FRAMEWORKS_FOLDER_PATH}/Eureka.framework",
				"${TARGET_BUILD_DIR}/${FRAMEWORKS_FOLDER_PATH}/HMSegmentedControl.framework",
				"${TARGET_BUILD_DIR}/${FRAMEWORKS_FOLDER_PATH}/IQKeyboardManagerSwift.framework",
				"${TARGET_BUILD_DIR}/${FRAMEWORKS_FOLDER_PATH}/ImageRow.framework",
				"${TARGET_BUILD_DIR}/${FRAMEWORKS_FOLDER_PATH}/LiveGQL.framework",
				"${TARGET_BUILD_DIR}/${FRAMEWORKS_FOLDER_PATH}/Reachability.framework",
				"${TARGET_BUILD_DIR}/${FRAMEWORKS_FOLDER_PATH}/SDWebImage.framework",
				"${TARGET_BUILD_DIR}/${FRAMEWORKS_FOLDER_PATH}/SKPhotoBrowser.framework",
				"${TARGET_BUILD_DIR}/${FRAMEWORKS_FOLDER_PATH}/SQLite.framework",
				"${TARGET_BUILD_DIR}/${FRAMEWORKS_FOLDER_PATH}/Shimmer.framework",
				"${TARGET_BUILD_DIR}/${FRAMEWORKS_FOLDER_PATH}/SideMenu.framework",
				"${TARGET_BUILD_DIR}/${FRAMEWORKS_FOLDER_PATH}/SnapKit.framework",
				"${TARGET_BUILD_DIR}/${FRAMEWORKS_FOLDER_PATH}/SocketRocket.framework",
			);
			runOnlyForDeploymentPostprocessing = 0;
			shellPath = /bin/sh;
			shellScript = "\"${SRCROOT}/Pods/Target Support Files/Pods-erxes-ios/Pods-erxes-ios-frameworks.sh\"\n";
			showEnvVarsInLog = 0;
		};
		901441A5505EB5C83F9C4932 /* [CP] Check Pods Manifest.lock */ = {
			isa = PBXShellScriptBuildPhase;
			buildActionMask = 2147483647;
			files = (
			);
			inputPaths = (
				"${PODS_PODFILE_DIR_PATH}/Podfile.lock",
				"${PODS_ROOT}/Manifest.lock",
			);
			name = "[CP] Check Pods Manifest.lock";
			outputPaths = (
				"$(DERIVED_FILE_DIR)/Pods-erxes-ios-checkManifestLockResult.txt",
			);
			runOnlyForDeploymentPostprocessing = 0;
			shellPath = /bin/sh;
			shellScript = "diff \"${PODS_PODFILE_DIR_PATH}/Podfile.lock\" \"${PODS_ROOT}/Manifest.lock\" > /dev/null\nif [ $? != 0 ] ; then\n    # print error to STDERR\n    echo \"error: The sandbox is not in sync with the Podfile.lock. Run 'pod install' or update your CocoaPods installation.\" >&2\n    exit 1\nfi\n# This output is used by Xcode 'outputs' to avoid re-running this script phase.\necho \"SUCCESS\" > \"${SCRIPT_OUTPUT_FILE_0}\"\n";
			showEnvVarsInLog = 0;
		};
		9BD9BC9120E3613400CCFEA6 /* Generate Apollo GraphQL API */ = {
			isa = PBXShellScriptBuildPhase;
			buildActionMask = 2147483647;
			files = (
			);
			inputPaths = (
			);
			name = "Generate Apollo GraphQL API";
			outputPaths = (
			);
			runOnlyForDeploymentPostprocessing = 0;
			shellPath = /bin/sh;
			shellScript = "APOLLO_FRAMEWORK_PATH=\"$(eval find $FRAMEWORK_SEARCH_PATHS -name \"Apollo.framework\" -maxdepth 1)\"\n\nif [ -z \"$APOLLO_FRAMEWORK_PATH\" ]; then\necho \"error: Couldn't find Apollo.framework in FRAMEWORK_SEARCH_PATHS; make sure to add the framework to your project.\"\nexit 1\nfi\n\ncd \"${SRCROOT}/${TARGET_NAME}\"\n$APOLLO_FRAMEWORK_PATH/check-and-run-apollo-codegen.sh generate $(find . -name '*.graphql') --schema schema.json --passthrough-custom-scalars --output API.swift";
		};
/* End PBXShellScriptBuildPhase section */

/* Begin PBXSourcesBuildPhase section */
		F555839F2077166E00413F6A /* Sources */ = {
			isa = PBXSourcesBuildPhase;
			buildActionMask = 2147483647;
			files = (
				B8E8CB142150BE7300AE492D /* Inbox+Additions.swift in Sources */,
				B80002F421A7A02000D73770 /* Chat+Network.swift in Sources */,
				B84C9B102175CC7F00346324 /* UIImage.swift in Sources */,
				9BDF360420D130C3004E3F44 /* ContactCell.swift in Sources */,
				B88C31F5216C9B2300B7448E /* ChatManagerDelegate.swift in Sources */,
				9B80E79720E75A10008BA4BF /* CustomerProfileController.swift in Sources */,
				B84C9B082175CBA000346324 /* CustomScalar.swift in Sources */,
				F5BEE327207760E10042DFC2 /* MyFormViewController.swift in Sources */,
				B84C9AFD2175C40B00346324 /* Filter+TableView.swift in Sources */,
				F58F2040207B381400D8564D /* FailureAlert.swift in Sources */,
				F5BEE31620772C0D0042DFC2 /* LoginController.swift in Sources */,
				9B94F41820DB59FF00313543 /* KCKeyboardImagePickerPreviewViewController.swift in Sources */,
				9B82254420B7DE0300B7C16D /* SwiftHEXColors.swift in Sources */,
				B87CE5C921A5336500B385B8 /* Template+Network.swift in Sources */,
				B84C9B062175CB3E00346324 /* UIView.swift in Sources */,
				9B9E34432158BC22006F9E2D /* ErxesTagView.swift in Sources */,
				B84C9B042175CB3300346324 /* Date.swift in Sources */,
				B88C31F0216B633900B7448E /* Box.swift in Sources */,
				B88C31E6216B38A000B7448E /* ChatControllerProtocol.swift in Sources */,
				B80D28B5218B53F8003D52CE /* ChatMenu+Network.swift in Sources */,
				F5BEE329207761730042DFC2 /* MyTextField.swift in Sources */,
				B80758E421A51CC300016D2E /* TemplateController.swift in Sources */,
				9B6202F520EC817A0094A87D /* SuggestionCollectionViewCell.swift in Sources */,
				B86FE587213F837700124BD3 /* ImageCell.swift in Sources */,
				9B475C8D2137BDB20074346B /* SettingsCell.swift in Sources */,
				9B5CE65620D90846003EDBF9 /* UsersController.swift in Sources */,
				9B1E939D20C8E34B00AC4FED /* MyAppNavigation.swift in Sources */,
				B80D28B0218AA81F003D52CE /* InboxControllerUI.swift in Sources */,
				9B567098212A89480023B5AF /* ErxesFontKit.swift in Sources */,
				9B9E34482158DF2B006F9E2D /* CloseButton.swift in Sources */,
				9BBADE33216E080200B6F2D8 /* NoteController.swift in Sources */,
				F58F2063207B4FE900D8564D /* ErxesLabel.swift in Sources */,
				B84C9B122175CCA400346324 /* UIAplication.swift in Sources */,
				9BC2D9BD20CE3F5C003ADEE7 /* FilterController.swift in Sources */,
				B84C9B1A2175D5AD00346324 /* Numeric.swift in Sources */,
				B895E23B2166007C0074669A /* FilterCell.swift in Sources */,
				9BB71608213A9C6900E2ACD0 /* UserProfileController.swift in Sources */,
				9B27ADF92160A7A4000E0A7C /* EmailSignatureController.swift in Sources */,
				B8F353A2219D7892001755E2 /* Inbox+Network.swift in Sources */,
				9B475C8B2137B9CB0074346B /* SettingsController.swift in Sources */,
				B8C3FDEB2161DF06000EE9AF /* Filter+Keyboard.swift in Sources */,
				9B6202F320EC817A0094A87D /* SuggestionCollectionCell.swift in Sources */,
				B87CE5CD21A56D0800B385B8 /* TemplateCell.swift in Sources */,
				B8BE67C6215C995700E8A0A6 /* Filter+Network.swift in Sources */,
				B87CE5CB21A541F400B385B8 /* Template+TableView.swift in Sources */,
				B84C9B142175CCD200346324 /* Array.swift in Sources */,
				9B94F41A20DB5A7400313543 /* KCKeyboardImagePickerView.swift in Sources */,
				9B5E455A21391BE300DDD687 /* MyButton.swift in Sources */,
				9B477B3F215E082000B01E3B /* PasswordSettingsController.swift in Sources */,
				9BC2D9C320CE5FDF003ADEE7 /* GDCheckbox.swift in Sources */,
				9BDF360020D1150F004E3F44 /* ContactController.swift in Sources */,
				9BDF12B82170A6BC00B6EBED /* LeftImageButton.swift in Sources */,
				9B27ADFB2160B708000E0A7C /* NotificationSettingsController.swift in Sources */,
				B8E8CB122150BE5100AE492D /* Inbox+TableView.swift in Sources */,
				B84C9B022175CB2300346324 /* String.swift in Sources */,
				B80D28B2218B0ABF003D52CE /* ChatMenu.swift in Sources */,
				9B567096212A856E0023B5AF /* ErxesFont.swift in Sources */,
				B8F3539C219BF6EC001755E2 /* Customer.swift in Sources */,
				9B1E939B20C8D8F700AC4FED /* Route.swift in Sources */,
				B88C31EE216B5ECB00B7448E /* ChatInputProtocol.swift in Sources */,
				9B55DE1F215CD4FF0044F684 /* LineProgressView.swift in Sources */,
				F58F2041207B381400D8564D /* Modal.swift in Sources */,
				B84C9B0C2175CC0A00346324 /* UIColor.swift in Sources */,
				F58F2062207B4FE900D8564D /* ErxesButton.swift in Sources */,
				B8BE67C4215B4FFD00E8A0A6 /* InputCell.swift in Sources */,
				F55583BD207716F800413F6A /* TabController.swift in Sources */,
				B88C31F7216C9C7F00B7448E /* FileHandler.swift in Sources */,
				B88C31EC216B54D200B7448E /* ChatController+CollectionView.swift in Sources */,
				B88C31E8216B443600B7448E /* ChatControllerUI.swift in Sources */,
				9B94F41220DB309200313543 /* KCKeyboardImagePickerController.swift in Sources */,
				9B567091212A7D420023B5AF /* KeychainPasswordItem.swift in Sources */,
				9B9F5543212E83DA0081EC89 /* Appnet.swift in Sources */,
				B8FDDE9B213E48FF00286DE0 /* ChatController.swift in Sources */,
				B84C9B0A2175CBB600346324 /* UIImageView.swift in Sources */,
				B84C9B182175D51600346324 /* Data.swift in Sources */,
				B8F3539E219D5923001755E2 /* Contact+Network.swift in Sources */,
				9B475C8F2137CBA70074346B /* ProfileView.swift in Sources */,
				B83794D22147A87E00C5991D /* InComingCell.swift in Sources */,
				F55583BF2077173C00413F6A /* NavigationController.swift in Sources */,
				B8C3FDE92161CCEE000EE9AF /* MentionController.swift in Sources */,
				9B9E34412158B8DF006F9E2D /* ErxesTagLabel.swift in Sources */,
				B8D0F8EC217C760D00990C06 /* CompanyListController.swift in Sources */,
				F58F203B207B372900D8564D /* ErxesUser.swift in Sources */,
				9B5CE65420D8DC6E003EDBF9 /* MyData.swift in Sources */,
				B86FE583213EDC3B00124BD3 /* BaseCell.swift in Sources */,
				B86FE585213EDC8100124BD3 /* SentCell.swift in Sources */,
				9B4AB587216F492900BDD33D /* ActivityCellCon.swift in Sources */,
				9B9E34492158DF2B006F9E2D /* TagView.swift in Sources */,
				B88C31F3216C9AA700B7448E /* LiveGQL.swift in Sources */,
				F58F2064207B4FE900D8564D /* ErxesField.swift in Sources */,
				9B5E456021396AEC00DDD687 /* ErxesTextView.swift in Sources */,
				9BF0C32D216358390030247F /* ContactFilterController.swift in Sources */,
				9B9F554A212E9C200081EC89 /* FloatLabelTextField.swift in Sources */,
				B83794D02143DC1500C5991D /* ColChatDataSource.swift in Sources */,
				F58F205C207B4F2C00D8564D /* InboxController.swift in Sources */,
				9B576F4F20D39B7C00E70269 /* CircleLayer.swift in Sources */,
				B84C9B0E2175CC5000346324 /* UIFont.swift in Sources */,
				F55583A72077166E00413F6A /* AppDelegate.swift in Sources */,
				B83794D421490C5500C5991D /* FormCell.swift in Sources */,
				9B6202F220EC817A0094A87D /* SuggestionTableViewCell.swift in Sources */,
				9B6202E920EC60820094A87D /* CustomRow.swift in Sources */,
				9BBADE2F216DF20900B6F2D8 /* ContactDetailController.swift in Sources */,
				B84C9B002175CA8700346324 /* UIViewController.swift in Sources */,
				B8600B852192C87100384821 /* Utils.swift in Sources */,
				B84C9B1C2175D79D00346324 /* Inbox+LiveGQL.swift in Sources */,
				9BB71606213A77BF00E2ACD0 /* NotificationSettingsCell.swift in Sources */,
				B88C31EA216B46E800B7448E /* ViewController.swift in Sources */,
				F5431E202148F09800DB1304 /* CompanyController.swift in Sources */,
				9B94F41C20DBB48400313543 /* API.swift in Sources */,
				9B6202F820EC817A0094A87D /* SuggestionRow.swift in Sources */,
				9B1E93A320C94D2800AC4FED /* Message.swift in Sources */,
				9B6202F720EC817A0094A87D /* String+SuggestionValue.swift in Sources */,
				B84C9B162175CCDE00346324 /* Optional.swift in Sources */,
				9B4AB589216F649E00BDD33D /* ActivityCellReg.swift in Sources */,
				B8F353A0219D5C3A001755E2 /* UISegmentedControl.swift in Sources */,
				9B5CE65820D9088E003EDBF9 /* UserCell.swift in Sources */,
				9B576F5120D3A62000E70269 /* ErxesLoader.swift in Sources */,
				9B80E79920E76CB5008BA4BF /* CustomerProfileCell.swift in Sources */,
				9BBADE35216E080F00B6F2D8 /* ConversationsController.swift in Sources */,
				9B82254820B7EBAE00B7C16D /* DateFilterController.swift in Sources */,
				9B6202F420EC817A0094A87D /* SuggestionTableCell.swift in Sources */,
				9BBADE31216E07F700B6F2D8 /* ActivityController.swift in Sources */,
				B87867CD2188562600A78222 /* LoginControllerUI.swift in Sources */,
				9B6202F620EC817A0094A87D /* SuggestionCell.swift in Sources */,
				B8127C91214284ED00A9F9EC /* ChatController+Keyboard.swift in Sources */,
				F58F205E207B4F4B00D8564D /* ErxesInboxCell.swift in Sources */,
				9B9F5547212E9A450081EC89 /* CustomCells.swift in Sources */,
				9B9E34472158DF2B006F9E2D /* TagListView.swift in Sources */,
				F55583BB207716BB00413F6A /* Constants.swift in Sources */,
			);
			runOnlyForDeploymentPostprocessing = 0;
		};
/* End PBXSourcesBuildPhase section */

/* Begin PBXVariantGroup section */
		F55583AF2077166E00413F6A /* LaunchScreen.storyboard */ = {
			isa = PBXVariantGroup;
			children = (
				F55583B02077166E00413F6A /* Base */,
			);
			name = LaunchScreen.storyboard;
			sourceTree = "<group>";
		};
/* End PBXVariantGroup section */

/* Begin XCBuildConfiguration section */
		F55583B32077166E00413F6A /* Debug */ = {
			isa = XCBuildConfiguration;
			buildSettings = {
				ALWAYS_SEARCH_USER_PATHS = NO;
				CLANG_ANALYZER_NONNULL = YES;
				CLANG_ANALYZER_NUMBER_OBJECT_CONVERSION = YES_AGGRESSIVE;
				CLANG_CXX_LANGUAGE_STANDARD = "gnu++14";
				CLANG_CXX_LIBRARY = "libc++";
				CLANG_ENABLE_MODULES = YES;
				CLANG_ENABLE_OBJC_ARC = YES;
				CLANG_WARN_BLOCK_CAPTURE_AUTORELEASING = YES;
				CLANG_WARN_BOOL_CONVERSION = YES;
				CLANG_WARN_COMMA = YES;
				CLANG_WARN_CONSTANT_CONVERSION = YES;
				CLANG_WARN_DIRECT_OBJC_ISA_USAGE = YES_ERROR;
				CLANG_WARN_DOCUMENTATION_COMMENTS = YES;
				CLANG_WARN_EMPTY_BODY = YES;
				CLANG_WARN_ENUM_CONVERSION = YES;
				CLANG_WARN_INFINITE_RECURSION = YES;
				CLANG_WARN_INT_CONVERSION = YES;
				CLANG_WARN_NON_LITERAL_NULL_CONVERSION = YES;
				CLANG_WARN_OBJC_LITERAL_CONVERSION = YES;
				CLANG_WARN_OBJC_ROOT_CLASS = YES_ERROR;
				CLANG_WARN_RANGE_LOOP_ANALYSIS = YES;
				CLANG_WARN_STRICT_PROTOTYPES = YES;
				CLANG_WARN_SUSPICIOUS_MOVE = YES;
				CLANG_WARN_UNGUARDED_AVAILABILITY = YES_AGGRESSIVE;
				CLANG_WARN_UNREACHABLE_CODE = YES;
				CLANG_WARN__DUPLICATE_METHOD_MATCH = YES;
				CODE_SIGN_IDENTITY = "iPhone Developer";
				COPY_PHASE_STRIP = NO;
				DEBUG_INFORMATION_FORMAT = dwarf;
				ENABLE_STRICT_OBJC_MSGSEND = YES;
				ENABLE_TESTABILITY = YES;
				GCC_C_LANGUAGE_STANDARD = gnu11;
				GCC_DYNAMIC_NO_PIC = NO;
				GCC_NO_COMMON_BLOCKS = YES;
				GCC_OPTIMIZATION_LEVEL = 0;
				GCC_PREPROCESSOR_DEFINITIONS = (
					"DEBUG=1",
					"$(inherited)",
				);
				GCC_WARN_64_TO_32_BIT_CONVERSION = YES;
				GCC_WARN_ABOUT_RETURN_TYPE = YES_ERROR;
				GCC_WARN_UNDECLARED_SELECTOR = YES;
				GCC_WARN_UNINITIALIZED_AUTOS = YES_AGGRESSIVE;
				GCC_WARN_UNUSED_FUNCTION = YES;
				GCC_WARN_UNUSED_VARIABLE = YES;
				IPHONEOS_DEPLOYMENT_TARGET = 11.2;
				MTL_ENABLE_DEBUG_INFO = YES;
				ONLY_ACTIVE_ARCH = YES;
				SDKROOT = iphoneos;
				SWIFT_ACTIVE_COMPILATION_CONDITIONS = DEBUG;
				SWIFT_OPTIMIZATION_LEVEL = "-Onone";
			};
			name = Debug;
		};
		F55583B42077166E00413F6A /* Release */ = {
			isa = XCBuildConfiguration;
			buildSettings = {
				ALWAYS_SEARCH_USER_PATHS = NO;
				CLANG_ANALYZER_NONNULL = YES;
				CLANG_ANALYZER_NUMBER_OBJECT_CONVERSION = YES_AGGRESSIVE;
				CLANG_CXX_LANGUAGE_STANDARD = "gnu++14";
				CLANG_CXX_LIBRARY = "libc++";
				CLANG_ENABLE_MODULES = YES;
				CLANG_ENABLE_OBJC_ARC = YES;
				CLANG_WARN_BLOCK_CAPTURE_AUTORELEASING = YES;
				CLANG_WARN_BOOL_CONVERSION = YES;
				CLANG_WARN_COMMA = YES;
				CLANG_WARN_CONSTANT_CONVERSION = YES;
				CLANG_WARN_DIRECT_OBJC_ISA_USAGE = YES_ERROR;
				CLANG_WARN_DOCUMENTATION_COMMENTS = YES;
				CLANG_WARN_EMPTY_BODY = YES;
				CLANG_WARN_ENUM_CONVERSION = YES;
				CLANG_WARN_INFINITE_RECURSION = YES;
				CLANG_WARN_INT_CONVERSION = YES;
				CLANG_WARN_NON_LITERAL_NULL_CONVERSION = YES;
				CLANG_WARN_OBJC_LITERAL_CONVERSION = YES;
				CLANG_WARN_OBJC_ROOT_CLASS = YES_ERROR;
				CLANG_WARN_RANGE_LOOP_ANALYSIS = YES;
				CLANG_WARN_STRICT_PROTOTYPES = YES;
				CLANG_WARN_SUSPICIOUS_MOVE = YES;
				CLANG_WARN_UNGUARDED_AVAILABILITY = YES_AGGRESSIVE;
				CLANG_WARN_UNREACHABLE_CODE = YES;
				CLANG_WARN__DUPLICATE_METHOD_MATCH = YES;
				CODE_SIGN_IDENTITY = "iPhone Developer";
				COPY_PHASE_STRIP = NO;
				DEBUG_INFORMATION_FORMAT = "dwarf-with-dsym";
				ENABLE_NS_ASSERTIONS = NO;
				ENABLE_STRICT_OBJC_MSGSEND = YES;
				GCC_C_LANGUAGE_STANDARD = gnu11;
				GCC_NO_COMMON_BLOCKS = YES;
				GCC_WARN_64_TO_32_BIT_CONVERSION = YES;
				GCC_WARN_ABOUT_RETURN_TYPE = YES_ERROR;
				GCC_WARN_UNDECLARED_SELECTOR = YES;
				GCC_WARN_UNINITIALIZED_AUTOS = YES_AGGRESSIVE;
				GCC_WARN_UNUSED_FUNCTION = YES;
				GCC_WARN_UNUSED_VARIABLE = YES;
				IPHONEOS_DEPLOYMENT_TARGET = 11.2;
				MTL_ENABLE_DEBUG_INFO = NO;
				SDKROOT = iphoneos;
				SWIFT_OPTIMIZATION_LEVEL = "-Owholemodule";
				VALIDATE_PRODUCT = YES;
			};
			name = Release;
		};
		F55583B62077166E00413F6A /* Debug */ = {
			isa = XCBuildConfiguration;
			baseConfigurationReference = 1B1762419AA7B0A3A0F02580 /* Pods-erxes-ios.debug.xcconfig */;
			buildSettings = {
				ASSETCATALOG_COMPILER_APPICON_NAME = AppIcon;
				CLANG_ENABLE_MODULES = YES;
				CODE_SIGN_IDENTITY = "iPhone Developer";
				CODE_SIGN_STYLE = Automatic;
				DEVELOPMENT_TEAM = 994F5XNXMN;
				INFOPLIST_FILE = "$(SRCROOT)/erxes-ios/Info.plist";
				IPHONEOS_DEPLOYMENT_TARGET = 10.0;
				LD_RUNPATH_SEARCH_PATHS = "$(inherited) @executable_path/Frameworks";
				PRODUCT_BUNDLE_IDENTIFIER = co.nmma.crm;
				PRODUCT_NAME = "$(TARGET_NAME)";
				PROVISIONING_PROFILE = "";
				PROVISIONING_PROFILE_SPECIFIER = "";
				SWIFT_OPTIMIZATION_LEVEL = "-Onone";
				SWIFT_VERSION = 4.0;
				TARGETED_DEVICE_FAMILY = 1;
			};
			name = Debug;
		};
		F55583B72077166E00413F6A /* Release */ = {
			isa = XCBuildConfiguration;
			baseConfigurationReference = 4B517246B47FE17016C552D6 /* Pods-erxes-ios.release.xcconfig */;
			buildSettings = {
				ASSETCATALOG_COMPILER_APPICON_NAME = AppIcon;
				CLANG_ENABLE_MODULES = YES;
				CODE_SIGN_IDENTITY = "iPhone Developer";
				CODE_SIGN_STYLE = Automatic;
				DEVELOPMENT_TEAM = 994F5XNXMN;
				INFOPLIST_FILE = "$(SRCROOT)/erxes-ios/Info.plist";
				IPHONEOS_DEPLOYMENT_TARGET = 10.0;
				LD_RUNPATH_SEARCH_PATHS = "$(inherited) @executable_path/Frameworks";
				PRODUCT_BUNDLE_IDENTIFIER = co.nmma.crm;
				PRODUCT_NAME = "$(TARGET_NAME)";
				PROVISIONING_PROFILE = "";
				PROVISIONING_PROFILE_SPECIFIER = "";
				SWIFT_VERSION = 4.0;
				TARGETED_DEVICE_FAMILY = 1;
			};
			name = Release;
		};
/* End XCBuildConfiguration section */

/* Begin XCConfigurationList section */
		F555839E2077166E00413F6A /* Build configuration list for PBXProject "erxes-ios" */ = {
			isa = XCConfigurationList;
			buildConfigurations = (
				F55583B32077166E00413F6A /* Debug */,
				F55583B42077166E00413F6A /* Release */,
			);
			defaultConfigurationIsVisible = 0;
			defaultConfigurationName = Release;
		};
		F55583B52077166E00413F6A /* Build configuration list for PBXNativeTarget "erxes-ios" */ = {
			isa = XCConfigurationList;
			buildConfigurations = (
				F55583B62077166E00413F6A /* Debug */,
				F55583B72077166E00413F6A /* Release */,
			);
			defaultConfigurationIsVisible = 0;
			defaultConfigurationName = Release;
		};
/* End XCConfigurationList section */
	};
	rootObject = F555839B2077166E00413F6A /* Project object */;
}
